// !$*UTF8*$!
{
	archiveVersion = 1;
	classes = {
	};
	objectVersion = 46;
	objects = {

/* Begin PBXBuildFile section */
		96E1CF4D1C86C2DC0085FE49 /* AppDelegate.swift in Sources */ = {isa = PBXBuildFile; fileRef = 96E1CF4C1C86C2DC0085FE49 /* AppDelegate.swift */; };
		96E1CF4F1C86C2DC0085FE49 /* ViewController.swift in Sources */ = {isa = PBXBuildFile; fileRef = 96E1CF4E1C86C2DC0085FE49 /* ViewController.swift */; };
		96E1CF521C86C2DC0085FE49 /* Main.storyboard in Resources */ = {isa = PBXBuildFile; fileRef = 96E1CF501C86C2DC0085FE49 /* Main.storyboard */; };
		96E1CF541C86C2DC0085FE49 /* Assets.xcassets in Resources */ = {isa = PBXBuildFile; fileRef = 96E1CF531C86C2DC0085FE49 /* Assets.xcassets */; };
		96E1CF571C86C2DC0085FE49 /* LaunchScreen.storyboard in Resources */ = {isa = PBXBuildFile; fileRef = 96E1CF551C86C2DC0085FE49 /* LaunchScreen.storyboard */; };
		96E1CF621C86C2DC0085FE49 /* _jchc_MenuControllerTests.swift in Sources */ = {isa = PBXBuildFile; fileRef = 96E1CF611C86C2DC0085FE49 /* _jchc_MenuControllerTests.swift */; };
		96E1CF6D1C86C2DC0085FE49 /* _jchc_MenuControllerUITests.swift in Sources */ = {isa = PBXBuildFile; fileRef = 96E1CF6C1C86C2DC0085FE49 /* _jchc_MenuControllerUITests.swift */; };
/* End PBXBuildFile section */

/* Begin PBXContainerItemProxy section */
		96E1CF5E1C86C2DC0085FE49 /* PBXContainerItemProxy */ = {
			isa = PBXContainerItemProxy;
			containerPortal = 96E1CF411C86C2DC0085FE49 /* Project object */;
			proxyType = 1;
			remoteGlobalIDString = 96E1CF481C86C2DC0085FE49;
			remoteInfo = "4jchc-MenuController";
		};
		96E1CF691C86C2DC0085FE49 /* PBXContainerItemProxy */ = {
			isa = PBXContainerItemProxy;
			containerPortal = 96E1CF411C86C2DC0085FE49 /* Project object */;
			proxyType = 1;
			remoteGlobalIDString = 96E1CF481C86C2DC0085FE49;
			remoteInfo = "4jchc-MenuController";
		};
/* End PBXContainerItemProxy section */

/* Begin PBXFileReference section */
		96E1CF491C86C2DC0085FE49 /* 4jchc-MenuController.app */ = {isa = PBXFileReference; explicitFileType = wrapper.application; includeInIndex = 0; path = "4jchc-MenuController.app"; sourceTree = BUILT_PRODUCTS_DIR; };
		96E1CF4C1C86C2DC0085FE49 /* AppDelegate.swift */ = {isa = PBXFileReference; lastKnownFileType = sourcecode.swift; path = AppDelegate.swift; sourceTree = "<group>"; };
		96E1CF4E1C86C2DC0085FE49 /* ViewController.swift */ = {isa = PBXFileReference; lastKnownFileType = sourcecode.swift; path = ViewController.swift; sourceTree = "<group>"; };
		96E1CF511C86C2DC0085FE49 /* Base */ = {isa = PBXFileReference; lastKnownFileType = file.storyboard; name = Base; path = Base.lproj/Main.storyboard; sourceTree = "<group>"; };
		96E1CF531C86C2DC0085FE49 /* Assets.xcassets */ = {isa = PBXFileReference; lastKnownFileType = folder.assetcatalog; path = Assets.xcassets; sourceTree = "<group>"; };
		96E1CF561C86C2DC0085FE49 /* Base */ = {isa = PBXFileReference; lastKnownFileType = file.storyboard; name = Base; path = Base.lproj/LaunchScreen.storyboard; sourceTree = "<group>"; };
		96E1CF581C86C2DC0085FE49 /* Info.plist */ = {isa = PBXFileReference; lastKnownFileType = text.plist.xml; path = Info.plist; sourceTree = "<group>"; };
		96E1CF5D1C86C2DC0085FE49 /* 4jchc-MenuControllerTests.xctest */ = {isa = PBXFileReference; explicitFileType = wrapper.cfbundle; includeInIndex = 0; path = "4jchc-MenuControllerTests.xctest"; sourceTree = BUILT_PRODUCTS_DIR; };
		96E1CF611C86C2DC0085FE49 /* _jchc_MenuControllerTests.swift */ = {isa = PBXFileReference; lastKnownFileType = sourcecode.swift; path = _jchc_MenuControllerTests.swift; sourceTree = "<group>"; };
		96E1CF631C86C2DC0085FE49 /* Info.plist */ = {isa = PBXFileReference; lastKnownFileType = text.plist.xml; path = Info.plist; sourceTree = "<group>"; };
		96E1CF681C86C2DC0085FE49 /* 4jchc-MenuControllerUITests.xctest */ = {isa = PBXFileReference; explicitFileType = wrapper.cfbundle; includeInIndex = 0; path = "4jchc-MenuControllerUITests.xctest"; sourceTree = BUILT_PRODUCTS_DIR; };
		96E1CF6C1C86C2DC0085FE49 /* _jchc_MenuControllerUITests.swift */ = {isa = PBXFileReference; lastKnownFileType = sourcecode.swift; path = _jchc_MenuControllerUITests.swift; sourceTree = "<group>"; };
		96E1CF6E1C86C2DC0085FE49 /* Info.plist */ = {isa = PBXFileReference; lastKnownFileType = text.plist.xml; path = Info.plist; sourceTree = "<group>"; };
/* End PBXFileReference section */

/* Begin PBXFrameworksBuildPhase section */
		96E1CF461C86C2DC0085FE49 /* Frameworks */ = {
			isa = PBXFrameworksBuildPhase;
			buildActionMask = 2147483647;
			files = (
			);
			runOnlyForDeploymentPostprocessing = 0;
		};
		96E1CF5A1C86C2DC0085FE49 /* Frameworks */ = {
			isa = PBXFrameworksBuildPhase;
			buildActionMask = 2147483647;
			files = (
			);
			runOnlyForDeploymentPostprocessing = 0;
		};
		96E1CF651C86C2DC0085FE49 /* Frameworks */ = {
			isa = PBXFrameworksBuildPhase;
			buildActionMask = 2147483647;
			files = (
			);
			runOnlyForDeploymentPostprocessing = 0;
		};
/* End PBXFrameworksBuildPhase section */

/* Begin PBXGroup section */
		96E1CF401C86C2DC0085FE49 = {
			isa = PBXGroup;
			children = (
				96E1CF4B1C86C2DC0085FE49 /* 4jchc-MenuController */,
				96E1CF601C86C2DC0085FE49 /* 4jchc-MenuControllerTests */,
				96E1CF6B1C86C2DC0085FE49 /* 4jchc-MenuControllerUITests */,
				96E1CF4A1C86C2DC0085FE49 /* Products */,
			);
			sourceTree = "<group>";
		};
		96E1CF4A1C86C2DC0085FE49 /* Products */ = {
			isa = PBXGroup;
			children = (
				96E1CF491C86C2DC0085FE49 /* 4jchc-MenuController.app */,
				96E1CF5D1C86C2DC0085FE49 /* 4jchc-MenuControllerTests.xctest */,
				96E1CF681C86C2DC0085FE49 /* 4jchc-MenuControllerUITests.xctest */,
			);
			name = Products;
			sourceTree = "<group>";
		};
		96E1CF4B1C86C2DC0085FE49 /* 4jchc-MenuController */ = {
			isa = PBXGroup;
			children = (
				96E1CF4C1C86C2DC0085FE49 /* AppDelegate.swift */,
				96E1CF4E1C86C2DC0085FE49 /* ViewController.swift */,
				96E1CF501C86C2DC0085FE49 /* Main.storyboard */,
				96E1CF531C86C2DC0085FE49 /* Assets.xcassets */,
				96E1CF551C86C2DC0085FE49 /* LaunchScreen.storyboard */,
				96E1CF581C86C2DC0085FE49 /* Info.plist */,
			);
			path = "4jchc-MenuController";
			sourceTree = "<group>";
		};
		96E1CF601C86C2DC0085FE49 /* 4jchc-MenuControllerTests */ = {
			isa = PBXGroup;
			children = (
				96E1CF611C86C2DC0085FE49 /* _jchc_MenuControllerTests.swift */,
				96E1CF631C86C2DC0085FE49 /* Info.plist */,
			);
			path = "4jchc-MenuControllerTests";
			sourceTree = "<group>";
		};
		96E1CF6B1C86C2DC0085FE49 /* 4jchc-MenuControllerUITests */ = {
			isa = PBXGroup;
			children = (
				96E1CF6C1C86C2DC0085FE49 /* _jchc_MenuControllerUITests.swift */,
				96E1CF6E1C86C2DC0085FE49 /* Info.plist */,
			);
			path = "4jchc-MenuControllerUITests";
			sourceTree = "<group>";
		};
/* End PBXGroup section */

/* Begin PBXNativeTarget section */
		96E1CF481C86C2DC0085FE49 /* 4jchc-MenuController */ = {
			isa = PBXNativeTarget;
			buildConfigurationList = 96E1CF711C86C2DC0085FE49 /* Build configuration list for PBXNativeTarget "4jchc-MenuController" */;
			buildPhases = (
				96E1CF451C86C2DC0085FE49 /* Sources */,
				96E1CF461C86C2DC0085FE49 /* Frameworks */,
				96E1CF471C86C2DC0085FE49 /* Resources */,
			);
			buildRules = (
			);
			dependencies = (
			);
			name = "4jchc-MenuController";
			productName = "4jchc-MenuController";
			productReference = 96E1CF491C86C2DC0085FE49 /* 4jchc-MenuController.app */;
			productType = "com.apple.product-type.application";
		};
		96E1CF5C1C86C2DC0085FE49 /* 4jchc-MenuControllerTests */ = {
			isa = PBXNativeTarget;
			buildConfigurationList = 96E1CF741C86C2DC0085FE49 /* Build configuration list for PBXNativeTarget "4jchc-MenuControllerTests" */;
			buildPhases = (
				96E1CF591C86C2DC0085FE49 /* Sources */,
				96E1CF5A1C86C2DC0085FE49 /* Frameworks */,
				96E1CF5B1C86C2DC0085FE49 /* Resources */,
			);
			buildRules = (
			);
			dependencies = (
				96E1CF5F1C86C2DC0085FE49 /* PBXTargetDependency */,
			);
			name = "4jchc-MenuControllerTests";
			productName = "4jchc-MenuControllerTests";
			productReference = 96E1CF5D1C86C2DC0085FE49 /* 4jchc-MenuControllerTests.xctest */;
			productType = "com.apple.product-type.bundle.unit-test";
		};
		96E1CF671C86C2DC0085FE49 /* 4jchc-MenuControllerUITests */ = {
			isa = PBXNativeTarget;
			buildConfigurationList = 96E1CF771C86C2DC0085FE49 /* Build configuration list for PBXNativeTarget "4jchc-MenuControllerUITests" */;
			buildPhases = (
				96E1CF641C86C2DC0085FE49 /* Sources */,
				96E1CF651C86C2DC0085FE49 /* Frameworks */,
				96E1CF661C86C2DC0085FE49 /* Resources */,
			);
			buildRules = (
			);
			dependencies = (
				96E1CF6A1C86C2DC0085FE49 /* PBXTargetDependency */,
			);
			name = "4jchc-MenuControllerUITests";
			productName = "4jchc-MenuControllerUITests";
			productReference = 96E1CF681C86C2DC0085FE49 /* 4jchc-MenuControllerUITests.xctest */;
			productType = "com.apple.product-type.bundle.ui-testing";
		};
/* End PBXNativeTarget section */

/* Begin PBXProject section */
		96E1CF411C86C2DC0085FE49 /* Project object */ = {
			isa = PBXProject;
			attributes = {
				LastSwiftUpdateCheck = 0720;
				LastUpgradeCheck = 0720;
				ORGANIZATIONNAME = "蒋进";
				TargetAttributes = {
					96E1CF481C86C2DC0085FE49 = {
						CreatedOnToolsVersion = 7.2.1;
					};
					96E1CF5C1C86C2DC0085FE49 = {
						CreatedOnToolsVersion = 7.2.1;
						TestTargetID = 96E1CF481C86C2DC0085FE49;
					};
					96E1CF671C86C2DC0085FE49 = {
						CreatedOnToolsVersion = 7.2.1;
						TestTargetID = 96E1CF481C86C2DC0085FE49;
					};
				};
			};
			buildConfigurationList = 96E1CF441C86C2DC0085FE49 /* Build configuration list for PBXProject "4jchc-MenuController" */;
			compatibilityVersion = "Xcode 3.2";
			developmentRegion = English;
			hasScannedForEncodings = 0;
			knownRegions = (
				en,
				Base,
			);
			mainGroup = 96E1CF401C86C2DC0085FE49;
			productRefGroup = 96E1CF4A1C86C2DC0085FE49 /* Products */;
			projectDirPath = "";
			projectRoot = "";
			targets = (
				96E1CF481C86C2DC0085FE49 /* 4jchc-MenuController */,
				96E1CF5C1C86C2DC0085FE49 /* 4jchc-MenuControllerTests */,
				96E1CF671C86C2DC0085FE49 /* 4jchc-MenuControllerUITests */,
			);
		};
/* End PBXProject section */

/* Begin PBXResourcesBuildPhase section */
		96E1CF471C86C2DC0085FE49 /* Resources */ = {
			isa = PBXResourcesBuildPhase;
			buildActionMask = 2147483647;
			files = (
				96E1CF571C86C2DC0085FE49 /* LaunchScreen.storyboard in Resources */,
				96E1CF541C86C2DC0085FE49 /* Assets.xcassets in Resources */,
				96E1CF521C86C2DC0085FE49 /* Main.storyboard in Resources */,
			);
			runOnlyForDeploymentPostprocessing = 0;
		};
		96E1CF5B1C86C2DC0085FE49 /* Resources */ = {
			isa = PBXResourcesBuildPhase;
			buildActionMask = 2147483647;
			files = (
			);
			runOnlyForDeploymentPostprocessing = 0;
		};
		96E1CF661C86C2DC0085FE49 /* Resources */ = {
			isa = PBXResourcesBuildPhase;
			buildActionMask = 2147483647;
			files = (
			);
			runOnlyForDeploymentPostprocessing = 0;
		};
/* End PBXResourcesBuildPhase section */

/* Begin PBXSourcesBuildPhase section */
		96E1CF451C86C2DC0085FE49 /* Sources */ = {
			isa = PBXSourcesBuildPhase;
			buildActionMask = 2147483647;
			files = (
				96E1CF4F1C86C2DC0085FE49 /* ViewController.swift in Sources */,
				96E1CF4D1C86C2DC0085FE49 /* AppDelegate.swift in Sources */,
			);
			runOnlyForDeploymentPostprocessing = 0;
		};
		96E1CF591C86C2DC0085FE49 /* Sources */ = {
			isa = PBXSourcesBuildPhase;
			buildActionMask = 2147483647;
			files = (
				96E1CF621C86C2DC0085FE49 /* _jchc_MenuControllerTests.swift in Sources */,
			);
			runOnlyForDeploymentPostprocessing = 0;
		};
		96E1CF641C86C2DC0085FE49 /* Sources */ = {
			isa = PBXSourcesBuildPhase;
			buildActionMask = 2147483647;
			files = (
				96E1CF6D1C86C2DC0085FE49 /* _jchc_MenuControllerUITests.swift in Sources */,
			);
			runOnlyForDeploymentPostprocessing = 0;
		};
/* End PBXSourcesBuildPhase section */

/* Begin PBXTargetDependency section */
		96E1CF5F1C86C2DC0085FE49 /* PBXTargetDependency */ = {
			isa = PBXTargetDependency;
			target = 96E1CF481C86C2DC0085FE49 /* 4jchc-MenuController */;
			targetProxy = 96E1CF5E1C86C2DC0085FE49 /* PBXContainerItemProxy */;
		};
		96E1CF6A1C86C2DC0085FE49 /* PBXTargetDependency */ = {
			isa = PBXTargetDependency;
			target = 96E1CF481C86C2DC0085FE49 /* 4jchc-MenuController */;
			targetProxy = 96E1CF691C86C2DC0085FE49 /* PBXContainerItemProxy */;
		};
/* End PBXTargetDependency section */

/* Begin PBXVariantGroup section */
		96E1CF501C86C2DC0085FE49 /* Main.storyboard */ = {
			isa = PBXVariantGroup;
			children = (
				96E1CF511C86C2DC0085FE49 /* Base */,
			);
			name = Main.storyboard;
			sourceTree = "<group>";
		};
		96E1CF551C86C2DC0085FE49 /* LaunchScreen.storyboard */ = {
			isa = PBXVariantGroup;
			children = (
				96E1CF561C86C2DC0085FE49 /* Base */,
			);
			name = LaunchScreen.storyboard;
			sourceTree = "<group>";
		};
/* End PBXVariantGroup section */

/* Begin XCBuildConfiguration section */
		96E1CF6F1C86C2DC0085FE49 /* Debug */ = {
			isa = XCBuildConfiguration;
			buildSettings = {
				ALWAYS_SEARCH_USER_PATHS = NO;
				CLANG_CXX_LANGUAGE_STANDARD = "gnu++0x";
				CLANG_CXX_LIBRARY = "libc++";
				CLANG_ENABLE_MODULES = YES;
				CLANG_ENABLE_OBJC_ARC = YES;
				CLANG_WARN_BOOL_CONVERSION = YES;
				CLANG_WARN_CONSTANT_CONVERSION = YES;
				CLANG_WARN_DIRECT_OBJC_ISA_USAGE = YES_ERROR;
				CLANG_WARN_EMPTY_BODY = YES;
				CLANG_WARN_ENUM_CONVERSION = YES;
				CLANG_WARN_INT_CONVERSION = YES;
				CLANG_WARN_OBJC_ROOT_CLASS = YES_ERROR;
				CLANG_WARN_UNREACHABLE_CODE = YES;
				CLANG_WARN__DUPLICATE_METHOD_MATCH = YES;
				"CODE_SIGN_IDENTITY[sdk=iphoneos*]" = "iPhone Developer";
				COPY_PHASE_STRIP = NO;
				DEBUG_INFORMATION_FORMAT = dwarf;
				ENABLE_STRICT_OBJC_MSGSEND = YES;
				ENABLE_TESTABILITY = YES;
				GCC_C_LANGUAGE_STANDARD = gnu99;
				GCC_DYNAMIC_NO_PIC = NO;
				GCC_NO_COMMON_BLOCKS = YES;
				GCC_OPTIMIZATION_LEVEL = 0;
				GCC_PREPROCESSOR_DEFINITIONS = (
					"DEBUG=1",
					"$(inherited)",
				);
				GCC_WARN_64_TO_32_BIT_CONVERSION = YES;
				GCC_WARN_ABOUT_RETURN_TYPE = YES_ERROR;
				GCC_WARN_UNDECLARED_SELECTOR = YES;
				GCC_WARN_UNINITIALIZED_AUTOS = YES_AGGRESSIVE;
				GCC_WARN_UNUSED_FUNCTION = YES;
				GCC_WARN_UNUSED_VARIABLE = YES;
				IPHONEOS_DEPLOYMENT_TARGET = 9.2;
				MTL_ENABLE_DEBUG_INFO = YES;
				ONLY_ACTIVE_ARCH = YES;
				SDKROOT = iphoneos;
				SWIFT_OPTIMIZATION_LEVEL = "-Onone";
				TARGETED_DEVICE_FAMILY = "1,2";
			};
			name = Debug;
		};
		96E1CF701C86C2DC0085FE49 /* Release */ = {
			isa = XCBuildConfiguration;
			buildSettings = {
				ALWAYS_SEARCH_USER_PATHS = NO;
				CLANG_CXX_LANGUAGE_STANDARD = "gnu++0x";
				CLANG_CXX_LIBRARY = "libc++";
				CLANG_ENABLE_MODULES = YES;
				CLANG_ENABLE_OBJC_ARC = YES;
				CLANG_WARN_BOOL_CONVERSION = YES;
				CLANG_WARN_CONSTANT_CONVERSION = YES;
				CLANG_WARN_DIRECT_OBJC_ISA_USAGE = YES_ERROR;
				CLANG_WARN_EMPTY_BODY = YES;
				CLANG_WARN_ENUM_CONVERSION = YES;
				CLANG_WARN_INT_CONVERSION = YES;
				CLANG_WARN_OBJC_ROOT_CLASS = YES_ERROR;
				CLANG_WARN_UNREACHABLE_CODE = YES;
				CLANG_WARN__DUPLICATE_METHOD_MATCH = YES;
				"CODE_SIGN_IDENTITY[sdk=iphoneos*]" = "iPhone Developer";
				COPY_PHASE_STRIP = NO;
				DEBUG_INFORMATION_FORMAT = "dwarf-with-dsym";
				ENABLE_NS_ASSERTIONS = NO;
				ENABLE_STRICT_OBJC_MSGSEND = YES;
				GCC_C_LANGUAGE_STANDARD = gnu99;
				GCC_NO_COMMON_BLOCKS = YES;
				GCC_WARN_64_TO_32_BIT_CONVERSION = YES;
				GCC_WARN_ABOUT_RETURN_TYPE = YES_ERROR;
				GCC_WARN_UNDECLARED_SELECTOR = YES;
				GCC_WARN_UNINITIALIZED_AUTOS = YES_AGGRESSIVE;
				GCC_WARN_UNUSED_FUNCTION = YES;
				GCC_WARN_UNUSED_VARIABLE = YES;
				IPHONEOS_DEPLOYMENT_TARGET = 9.2;
				MTL_ENABLE_DEBUG_INFO = NO;
				SDKROOT = iphoneos;
				TARGETED_DEVICE_FAMILY = "1,2";
				VALIDATE_PRODUCT = YES;
			};
			name = Release;
		};
		96E1CF721C86C2DC0085FE49 /* Debug */ = {
			isa = XCBuildConfiguration;
			buildSettings = {
				ASSETCATALOG_COMPILER_APPICON_NAME = AppIcon;
				INFOPLIST_FILE = "4jchc-MenuController/Info.plist";
				LD_RUNPATH_SEARCH_PATHS = "$(inherited) @executable_path/Frameworks";
				PRODUCT_BUNDLE_IDENTIFIER = "-jchc.-jchc-MenuController";
				PRODUCT_NAME = "$(TARGET_NAME)";
			};
			name = Debug;
		};
		96E1CF731C86C2DC0085FE49 /* Release */ = {
			isa = XCBuildConfiguration;
			buildSettings = {
				ASSETCATALOG_COMPILER_APPICON_NAME = AppIcon;
				INFOPLIST_FILE = "4jchc-MenuController/Info.plist";
				LD_RUNPATH_SEARCH_PATHS = "$(inherited) @executable_path/Frameworks";
				PRODUCT_BUNDLE_IDENTIFIER = "-jchc.-jchc-MenuController";
				PRODUCT_NAME = "$(TARGET_NAME)";
			};
			name = Release;
		};
		96E1CF751C86C2DC0085FE49 /* Debug */ = {
			isa = XCBuildConfiguration;
			buildSettings = {
				BUNDLE_LOADER = "$(TEST_HOST)";
				INFOPLIST_FILE = "4jchc-MenuControllerTests/Info.plist";
				LD_RUNPATH_SEARCH_PATHS = "$(inherited) @executable_path/Frameworks @loader_path/Frameworks";
				PRODUCT_BUNDLE_IDENTIFIER = "-jchc.-jchc-MenuControllerTests";
				PRODUCT_NAME = "$(TARGET_NAME)";
				TEST_HOST = "$(BUILT_PRODUCTS_DIR)/4jchc-MenuController.app/4jchc-MenuController";
			};
			name = Debug;
		};
		96E1CF761C86C2DC0085FE49 /* Release */ = {
			isa = XCBuildConfiguration;
			buildSettings = {
				BUNDLE_LOADER = "$(TEST_HOST)";
				INFOPLIST_FILE = "4jchc-MenuControllerTests/Info.plist";
				LD_RUNPATH_SEARCH_PATHS = "$(inherited) @executable_path/Frameworks @loader_path/Frameworks";
				PRODUCT_BUNDLE_IDENTIFIER = "-jchc.-jchc-MenuControllerTests";
				PRODUCT_NAME = "$(TARGET_NAME)";
				TEST_HOST = "$(BUILT_PRODUCTS_DIR)/4jchc-MenuController.app/4jchc-MenuController";
			};
			name = Release;
		};
		96E1CF781C86C2DC0085FE49 /* Debug */ = {
			isa = XCBuildConfiguration;
			buildSettings = {
				INFOPLIST_FILE = "4jchc-MenuControllerUITests/Info.plist";
				LD_RUNPATH_SEARCH_PATHS = "$(inherited) @executable_path/Frameworks @loader_path/Frameworks";
				PRODUCT_BUNDLE_IDENTIFIER = "-jchc.-jchc-MenuControllerUITests";
				PRODUCT_NAME = "$(TARGET_NAME)";
				TEST_TARGET_NAME = "4jchc-MenuController";
				USES_XCTRUNNER = YES;
			};
			name = Debug;
		};
		96E1CF791C86C2DC0085FE49 /* Release */ = {
			isa = XCBuildConfiguration;
			buildSettings = {
				INFOPLIST_FILE = "4jchc-MenuControllerUITests/Info.plist";
				LD_RUNPATH_SEARCH_PATHS = "$(inherited) @executable_path/Frameworks @loader_path/Frameworks";
				PRODUCT_BUNDLE_IDENTIFIER = "-jchc.-jchc-MenuControllerUITests";
				PRODUCT_NAME = "$(TARGET_NAME)";
				TEST_TARGET_NAME = "4jchc-MenuController";
				USES_XCTRUNNER = YES;
			};
			name = Release;
		};
/* End XCBuildConfiguration section */

/* Begin XCConfigurationList section */
		96E1CF441C86C2DC0085FE49 /* Build configuration list for PBXProject "4jchc-MenuController" */ = {
			isa = XCConfigurationList;
			buildConfigurations = (
				96E1CF6F1C86C2DC0085FE49 /* Debug */,
				96E1CF701C86C2DC0085FE49 /* Release */,
			);
			defaultConfigurationIsVisible = 0;
			defaultConfigurationName = Release;
		};
		96E1CF711C86C2DC0085FE49 /* Build configuration list for PBXNativeTarget "4jchc-MenuController" */ = {
			isa = XCConfigurationList;
			buildConfigurations = (
				96E1CF721C86C2DC0085FE49 /* Debug */,
				96E1CF731C86C2DC0085FE49 /* Release */,
			);
			defaultConfigurationIsVisible = 0;
		};
		96E1CF741C86C2DC0085FE49 /* Build configuration list for PBXNativeTarget "4jchc-MenuControllerTests" */ = {
			isa = XCConfigurationList;
			buildConfigurations = (
				96E1CF751C86C2DC0085FE49 /* Debug */,
				96E1CF761C86C2DC0085FE49 /* Release */,
			);
			defaultConfigurationIsVisible = 0;
		};
		96E1CF771C86C2DC0085FE49 /* Build configuration list for PBXNativeTarget "4jchc-MenuControllerUITests" */ = {
			isa = XCConfigurationList;
			buildConfigurations = (
				96E1CF781C86C2DC0085FE49 /* Debug */,
				96E1CF791C86C2DC0085FE49 /* Release */,
			);
			defaultConfigurationIsVisible = 0;
		};
/* End XCConfigurationList section */
	};
	rootObject = 96E1CF411C86C2DC0085FE49 /* Project object */;
}
