// !$*UTF8*$!
{
	archiveVersion = 1;
	classes = {
	};
	objectVersion = 46;
	objects = {

/* Begin PBXBuildFile section */
		9609B7401C75F1B400AC5E3C /* XMGVerticalButton.swift in Sources */ = {isa = PBXBuildFile; fileRef = 9609B73F1C75F1B400AC5E3C /* XMGVerticalButton.swift */; };
		96106A6A1C72E9E1009090A0 /* XMGFriendTrendsViewController.xib in Resources */ = {isa = PBXBuildFile; fileRef = 96106A691C72E9E1009090A0 /* XMGFriendTrendsViewController.xib */; };
		96106A6D1C72F94F009090A0 /* XMGRecommendViewController.swift in Sources */ = {isa = PBXBuildFile; fileRef = 96106A6B1C72F94F009090A0 /* XMGRecommendViewController.swift */; };
		96106A6E1C72F950009090A0 /* XMGRecommendViewController.xib in Resources */ = {isa = PBXBuildFile; fileRef = 96106A6C1C72F94F009090A0 /* XMGRecommendViewController.xib */; };
		96106A701C7300A8009090A0 /* NetworkTools.swift in Sources */ = {isa = PBXBuildFile; fileRef = 96106A6F1C7300A8009090A0 /* NetworkTools.swift */; };
		961970791C72265800D67033 /* XMGEssenceViewController.swift in Sources */ = {isa = PBXBuildFile; fileRef = 9619705C1C72265800D67033 /* XMGEssenceViewController.swift */; };
		9619707A1C72265800D67033 /* XMGFriendTrendsViewController.swift in Sources */ = {isa = PBXBuildFile; fileRef = 961970611C72265800D67033 /* XMGFriendTrendsViewController.swift */; };
		9619707B1C72265800D67033 /* XMGMeViewController.swift in Sources */ = {isa = PBXBuildFile; fileRef = 961970661C72265800D67033 /* XMGMeViewController.swift */; };
		9619707C1C72265800D67033 /* XMGNewViewController.swift in Sources */ = {isa = PBXBuildFile; fileRef = 9619706B1C72265800D67033 /* XMGNewViewController.swift */; };
		9619707D1C72265800D67033 /* XMGTabBarController.swift in Sources */ = {isa = PBXBuildFile; fileRef = 961970701C72265800D67033 /* XMGTabBarController.swift */; };
		9619707E1C72265800D67033 /* XMGTabBar.swift in Sources */ = {isa = PBXBuildFile; fileRef = 961970731C72265800D67033 /* XMGTabBar.swift */; };
		9619707F1C72265800D67033 /* Frame+Extension.swift in Sources */ = {isa = PBXBuildFile; fileRef = 961970751C72265800D67033 /* Frame+Extension.swift */; };
		961970801C72265800D67033 /* UIBarButtonItem+Extension.swift in Sources */ = {isa = PBXBuildFile; fileRef = 961970761C72265800D67033 /* UIBarButtonItem+Extension.swift */; };
		961970811C72265800D67033 /* UIKit+Extension.swift in Sources */ = {isa = PBXBuildFile; fileRef = 961970771C72265800D67033 /* UIKit+Extension.swift */; };
		961970821C72265800D67033 /* UITabBarController+Extension.swift in Sources */ = {isa = PBXBuildFile; fileRef = 961970781C72265800D67033 /* UITabBarController+Extension.swift */; };
		961970841C7227B900D67033 /* 常量.swift in Sources */ = {isa = PBXBuildFile; fileRef = 961970831C7227B900D67033 /* 常量.swift */; };
		961970861C72287100D67033 /* UIColor+Extension.swift in Sources */ = {isa = PBXBuildFile; fileRef = 961970851C72287100D67033 /* UIColor+Extension.swift */; };
		964AAA6F1C74B2940011C842 /* XMGRecommendTagCell.swift in Sources */ = {isa = PBXBuildFile; fileRef = 964AAA6D1C74B2940011C842 /* XMGRecommendTagCell.swift */; };
		964AAA701C74B2940011C842 /* XMGRecommendTagCell.xib in Resources */ = {isa = PBXBuildFile; fileRef = 964AAA6E1C74B2940011C842 /* XMGRecommendTagCell.xib */; };
		964C4D421C75C9D600705349 /* XMGLoginRegisterViewController.swift in Sources */ = {isa = PBXBuildFile; fileRef = 964C4D401C75C9D600705349 /* XMGLoginRegisterViewController.swift */; };
		964C4D431C75C9D600705349 /* XMGLoginRegisterViewController.xib in Resources */ = {isa = PBXBuildFile; fileRef = 964C4D411C75C9D600705349 /* XMGLoginRegisterViewController.xib */; };
		9653366E1C7735D500CF91E0 /* XMGPushGuideView.swift in Sources */ = {isa = PBXBuildFile; fileRef = 9653366D1C7735D500CF91E0 /* XMGPushGuideView.swift */; };
		965336701C7735EC00CF91E0 /* XMGPushGuideView.xib in Resources */ = {isa = PBXBuildFile; fileRef = 9653366F1C7735EC00CF91E0 /* XMGPushGuideView.xib */; };
		96591C9A1C71D3D5008DE4BB /* BaiSiBuDeJie开发笔记.swift in Sources */ = {isa = PBXBuildFile; fileRef = 96591C991C71D3D5008DE4BB /* BaiSiBuDeJie开发笔记.swift */; };
		965E74A91C7497BA008A8989 /* XMGRecommendTagsViewController.swift in Sources */ = {isa = PBXBuildFile; fileRef = 965E74A81C7497BA008A8989 /* XMGRecommendTagsViewController.swift */; };
		965E74AB1C74990A008A8989 /* XMGRecommendTag.swift in Sources */ = {isa = PBXBuildFile; fileRef = 965E74AA1C74990A008A8989 /* XMGRecommendTag.swift */; };
		96632E7E1C7C54BF00E40F23 /* XMGProgressView.swift in Sources */ = {isa = PBXBuildFile; fileRef = 96632E7D1C7C54BF00E40F23 /* XMGProgressView.swift */; };
		966A53A9DDA3A93070480B18 /* Pods.framework in Frameworks */ = {isa = PBXBuildFile; fileRef = 5D05291C0ACBD0E881906816 /* Pods.framework */; };
		966BB3EF1C7AA09E00CAD685 /* NSDate+Extension.swift in Sources */ = {isa = PBXBuildFile; fileRef = 966BB3EE1C7AA09E00CAD685 /* NSDate+Extension.swift */; };
		966BB3F11C7ACD0D00CAD685 /* XMGTopicViewController.swift in Sources */ = {isa = PBXBuildFile; fileRef = 966BB3F01C7ACD0D00CAD685 /* XMGTopicViewController.swift */; };
		968A6F0D1C7B081E009D337A /* XMG.swift in Sources */ = {isa = PBXBuildFile; fileRef = 968A6F0C1C7B081E009D337A /* XMG.swift */; };
		968A6F0F1C7B0DCC009D337A /* XMGTopicPictureView.swift in Sources */ = {isa = PBXBuildFile; fileRef = 968A6F0E1C7B0DCC009D337A /* XMGTopicPictureView.swift */; };
		968A6F111C7B0DD7009D337A /* XMGTopicPictureView.xib in Resources */ = {isa = PBXBuildFile; fileRef = 968A6F101C7B0DD7009D337A /* XMGTopicPictureView.xib */; };
		968AA0591C83D4C30022175C /* XMGTopicVoiceView.swift in Sources */ = {isa = PBXBuildFile; fileRef = 968AA0581C83D4C30022175C /* XMGTopicVoiceView.swift */; };
		968AA05B1C83D4CE0022175C /* XMGTopicVoiceView.xib in Resources */ = {isa = PBXBuildFile; fileRef = 968AA05A1C83D4CE0022175C /* XMGTopicVoiceView.xib */; };
		968AA05D1C840A130022175C /* XMGTopicVideoView.xib in Resources */ = {isa = PBXBuildFile; fileRef = 968AA05C1C840A130022175C /* XMGTopicVideoView.xib */; };
		968AA05F1C840A1F0022175C /* XMGTopicVideoView.swift in Sources */ = {isa = PBXBuildFile; fileRef = 968AA05E1C840A1F0022175C /* XMGTopicVideoView.swift */; };
		968AA0611C84561B0022175C /* XMGUser.swift in Sources */ = {isa = PBXBuildFile; fileRef = 968AA0601C84561B0022175C /* XMGUser.swift */; };
		968AA0631C8456800022175C /* XMGComment.swift in Sources */ = {isa = PBXBuildFile; fileRef = 968AA0621C8456800022175C /* XMGComment.swift */; };
		968AA0661C847A710022175C /* XMGCommentViewController.swift in Sources */ = {isa = PBXBuildFile; fileRef = 968AA0641C847A710022175C /* XMGCommentViewController.swift */; };
		968AA0671C847A710022175C /* XMGCommentViewController.xib in Resources */ = {isa = PBXBuildFile; fileRef = 968AA0651C847A710022175C /* XMGCommentViewController.xib */; };
		9690D9F61C7316070048E99B /* XMGRecommendCategory.swift in Sources */ = {isa = PBXBuildFile; fileRef = 9690D9F51C7316070048E99B /* XMGRecommendCategory.swift */; };
		9690D9F91C731AAC0048E99B /* XMGRecommendCategoryCell.swift in Sources */ = {isa = PBXBuildFile; fileRef = 9690D9F71C731AAC0048E99B /* XMGRecommendCategoryCell.swift */; };
		9690D9FA1C731AAC0048E99B /* XMGRecommendCategoryCell.xib in Resources */ = {isa = PBXBuildFile; fileRef = 9690D9F81C731AAC0048E99B /* XMGRecommendCategoryCell.xib */; };
		9690D9FD1C7334C20048E99B /* XMGRecommendUserCell.swift in Sources */ = {isa = PBXBuildFile; fileRef = 9690D9FB1C7334C20048E99B /* XMGRecommendUserCell.swift */; };
		9690D9FE1C7334C20048E99B /* XMGRecommendUserCell.xib in Resources */ = {isa = PBXBuildFile; fileRef = 9690D9FC1C7334C20048E99B /* XMGRecommendUserCell.xib */; };
		9690DA001C73426A0048E99B /* XMGRecommendUser.swift in Sources */ = {isa = PBXBuildFile; fileRef = 9690D9FF1C73426A0048E99B /* XMGRecommendUser.swift */; };
		969C57D51C857B7F00CF8428 /* XMGCommentHeaderView.swift in Sources */ = {isa = PBXBuildFile; fileRef = 969C57D41C857B7F00CF8428 /* XMGCommentHeaderView.swift */; };
		969C57D81C85ADB400CF8428 /* XMGCommentCell.swift in Sources */ = {isa = PBXBuildFile; fileRef = 969C57D61C85ADB400CF8428 /* XMGCommentCell.swift */; };
		969C57D91C85ADB400CF8428 /* XMGCommentCell.xib in Resources */ = {isa = PBXBuildFile; fileRef = 969C57D71C85ADB400CF8428 /* XMGCommentCell.xib */; };
		96A8959C1C76BDF900D18324 /* XMGTextField.swift in Sources */ = {isa = PBXBuildFile; fileRef = 96A8959B1C76BDF900D18324 /* XMGTextField.swift */; };
		96B7AA8E1C7EA28F007AC158 /* XMGShowPictureViewController.swift in Sources */ = {isa = PBXBuildFile; fileRef = 96B7AA8C1C7EA28F007AC158 /* XMGShowPictureViewController.swift */; };
		96B7AA8F1C7EA28F007AC158 /* XMGShowPictureViewController.xib in Resources */ = {isa = PBXBuildFile; fileRef = 96B7AA8D1C7EA28F007AC158 /* XMGShowPictureViewController.xib */; };
		96B7AA941C7ED954007AC158 /* XMGPublishViewController.swift in Sources */ = {isa = PBXBuildFile; fileRef = 96B7AA921C7ED954007AC158 /* XMGPublishViewController.swift */; };
		96B7AA951C7ED954007AC158 /* XMGPublishViewController.xib in Resources */ = {isa = PBXBuildFile; fileRef = 96B7AA931C7ED954007AC158 /* XMGPublishViewController.xib */; };
		96C001BB1C72C21F0014F47D /* XMGNavigationController.swift in Sources */ = {isa = PBXBuildFile; fileRef = 96C001BA1C72C21F0014F47D /* XMGNavigationController.swift */; };
		96DB5FD81C71CD8700B289EE /* AppDelegate.swift in Sources */ = {isa = PBXBuildFile; fileRef = 96DB5FD71C71CD8700B289EE /* AppDelegate.swift */; };
		96DB5FDA1C71CD8700B289EE /* ViewController.swift in Sources */ = {isa = PBXBuildFile; fileRef = 96DB5FD91C71CD8700B289EE /* ViewController.swift */; };
		96DB5FDF1C71CD8700B289EE /* Images.xcassets in Resources */ = {isa = PBXBuildFile; fileRef = 96DB5FDE1C71CD8700B289EE /* Images.xcassets */; };
		96DB5FE21C71CD8700B289EE /* LaunchScreen.storyboard in Resources */ = {isa = PBXBuildFile; fileRef = 96DB5FE01C71CD8700B289EE /* LaunchScreen.storyboard */; };
		96DB5FED1C71CD8800B289EE /* _jchc_BaiSiBuDeJieTests.swift in Sources */ = {isa = PBXBuildFile; fileRef = 96DB5FEC1C71CD8800B289EE /* _jchc_BaiSiBuDeJieTests.swift */; };
		96DB5FF81C71CD8800B289EE /* _jchc_BaiSiBuDeJieUITests.swift in Sources */ = {isa = PBXBuildFile; fileRef = 96DB5FF71C71CD8800B289EE /* _jchc_BaiSiBuDeJieUITests.swift */; };
		96ED7FAC1C796B8100ACC9E3 /* XMGTopic.swift in Sources */ = {isa = PBXBuildFile; fileRef = 96ED7FAB1C796B8100ACC9E3 /* XMGTopic.swift */; };
		96ED7FAF1C799D2F00ACC9E3 /* XMGTopicCell.swift in Sources */ = {isa = PBXBuildFile; fileRef = 96ED7FAD1C799D2F00ACC9E3 /* XMGTopicCell.swift */; };
		96ED7FB01C799D2F00ACC9E3 /* XMGTopicCell.xib in Resources */ = {isa = PBXBuildFile; fileRef = 96ED7FAE1C799D2F00ACC9E3 /* XMGTopicCell.xib */; };
/* End PBXBuildFile section */

/* Begin PBXContainerItemProxy section */
		96DB5FE91C71CD8800B289EE /* PBXContainerItemProxy */ = {
			isa = PBXContainerItemProxy;
			containerPortal = 96DB5FCC1C71CD8700B289EE /* Project object */;
			proxyType = 1;
			remoteGlobalIDString = 96DB5FD31C71CD8700B289EE;
			remoteInfo = "4jchc-BaiSiBuDeJie";
		};
		96DB5FF41C71CD8800B289EE /* PBXContainerItemProxy */ = {
			isa = PBXContainerItemProxy;
			containerPortal = 96DB5FCC1C71CD8700B289EE /* Project object */;
			proxyType = 1;
			remoteGlobalIDString = 96DB5FD31C71CD8700B289EE;
			remoteInfo = "4jchc-BaiSiBuDeJie";
		};
/* End PBXContainerItemProxy section */

/* Begin PBXFileReference section */
		2BEACBDAE940A95B04FC389C /* Pods.debug.xcconfig */ = {isa = PBXFileReference; includeInIndex = 1; lastKnownFileType = text.xcconfig; name = Pods.debug.xcconfig; path = "Pods/Target Support Files/Pods/Pods.debug.xcconfig"; sourceTree = "<group>"; };
		3B9F0C162C80641EEE3B6A9E /* Pods.release.xcconfig */ = {isa = PBXFileReference; includeInIndex = 1; lastKnownFileType = text.xcconfig; name = Pods.release.xcconfig; path = "Pods/Target Support Files/Pods/Pods.release.xcconfig"; sourceTree = "<group>"; };
		5D05291C0ACBD0E881906816 /* Pods.framework */ = {isa = PBXFileReference; explicitFileType = wrapper.framework; includeInIndex = 0; path = Pods.framework; sourceTree = BUILT_PRODUCTS_DIR; };
		9609B73F1C75F1B400AC5E3C /* XMGVerticalButton.swift */ = {isa = PBXFileReference; fileEncoding = 4; lastKnownFileType = sourcecode.swift; path = XMGVerticalButton.swift; sourceTree = "<group>"; };
		96106A691C72E9E1009090A0 /* XMGFriendTrendsViewController.xib */ = {isa = PBXFileReference; fileEncoding = 4; lastKnownFileType = file.xib; path = XMGFriendTrendsViewController.xib; sourceTree = "<group>"; };
		96106A6B1C72F94F009090A0 /* XMGRecommendViewController.swift */ = {isa = PBXFileReference; fileEncoding = 4; lastKnownFileType = sourcecode.swift; path = XMGRecommendViewController.swift; sourceTree = "<group>"; };
		96106A6C1C72F94F009090A0 /* XMGRecommendViewController.xib */ = {isa = PBXFileReference; fileEncoding = 4; lastKnownFileType = file.xib; path = XMGRecommendViewController.xib; sourceTree = "<group>"; };
		96106A6F1C7300A8009090A0 /* NetworkTools.swift */ = {isa = PBXFileReference; fileEncoding = 4; lastKnownFileType = sourcecode.swift; path = NetworkTools.swift; sourceTree = "<group>"; };
		9619705C1C72265800D67033 /* XMGEssenceViewController.swift */ = {isa = PBXFileReference; fileEncoding = 4; lastKnownFileType = sourcecode.swift; path = XMGEssenceViewController.swift; sourceTree = "<group>"; };
		961970611C72265800D67033 /* XMGFriendTrendsViewController.swift */ = {isa = PBXFileReference; fileEncoding = 4; lastKnownFileType = sourcecode.swift; path = XMGFriendTrendsViewController.swift; sourceTree = "<group>"; };
		961970661C72265800D67033 /* XMGMeViewController.swift */ = {isa = PBXFileReference; fileEncoding = 4; lastKnownFileType = sourcecode.swift; path = XMGMeViewController.swift; sourceTree = "<group>"; };
		9619706B1C72265800D67033 /* XMGNewViewController.swift */ = {isa = PBXFileReference; fileEncoding = 4; lastKnownFileType = sourcecode.swift; path = XMGNewViewController.swift; sourceTree = "<group>"; };
		961970701C72265800D67033 /* XMGTabBarController.swift */ = {isa = PBXFileReference; fileEncoding = 4; lastKnownFileType = sourcecode.swift; path = XMGTabBarController.swift; sourceTree = "<group>"; };
		961970731C72265800D67033 /* XMGTabBar.swift */ = {isa = PBXFileReference; fileEncoding = 4; lastKnownFileType = sourcecode.swift; name = XMGTabBar.swift; path = ../XMGTabBar.swift; sourceTree = "<group>"; };
		961970751C72265800D67033 /* Frame+Extension.swift */ = {isa = PBXFileReference; fileEncoding = 4; lastKnownFileType = sourcecode.swift; path = "Frame+Extension.swift"; sourceTree = "<group>"; };
		961970761C72265800D67033 /* UIBarButtonItem+Extension.swift */ = {isa = PBXFileReference; fileEncoding = 4; lastKnownFileType = sourcecode.swift; path = "UIBarButtonItem+Extension.swift"; sourceTree = "<group>"; };
		961970771C72265800D67033 /* UIKit+Extension.swift */ = {isa = PBXFileReference; fileEncoding = 4; lastKnownFileType = sourcecode.swift; path = "UIKit+Extension.swift"; sourceTree = "<group>"; };
		961970781C72265800D67033 /* UITabBarController+Extension.swift */ = {isa = PBXFileReference; fileEncoding = 4; lastKnownFileType = sourcecode.swift; path = "UITabBarController+Extension.swift"; sourceTree = "<group>"; };
		961970831C7227B900D67033 /* 常量.swift */ = {isa = PBXFileReference; fileEncoding = 4; lastKnownFileType = sourcecode.swift; path = "常量.swift"; sourceTree = "<group>"; };
		961970851C72287100D67033 /* UIColor+Extension.swift */ = {isa = PBXFileReference; fileEncoding = 4; lastKnownFileType = sourcecode.swift; path = "UIColor+Extension.swift"; sourceTree = "<group>"; };
		964AAA6D1C74B2940011C842 /* XMGRecommendTagCell.swift */ = {isa = PBXFileReference; fileEncoding = 4; lastKnownFileType = sourcecode.swift; path = XMGRecommendTagCell.swift; sourceTree = "<group>"; };
		964AAA6E1C74B2940011C842 /* XMGRecommendTagCell.xib */ = {isa = PBXFileReference; fileEncoding = 4; lastKnownFileType = file.xib; path = XMGRecommendTagCell.xib; sourceTree = "<group>"; };
		964C4D401C75C9D600705349 /* XMGLoginRegisterViewController.swift */ = {isa = PBXFileReference; fileEncoding = 4; lastKnownFileType = sourcecode.swift; path = XMGLoginRegisterViewController.swift; sourceTree = "<group>"; };
		964C4D411C75C9D600705349 /* XMGLoginRegisterViewController.xib */ = {isa = PBXFileReference; fileEncoding = 4; lastKnownFileType = file.xib; path = XMGLoginRegisterViewController.xib; sourceTree = "<group>"; };
		9653366D1C7735D500CF91E0 /* XMGPushGuideView.swift */ = {isa = PBXFileReference; fileEncoding = 4; lastKnownFileType = sourcecode.swift; path = XMGPushGuideView.swift; sourceTree = "<group>"; };
		9653366F1C7735EC00CF91E0 /* XMGPushGuideView.xib */ = {isa = PBXFileReference; fileEncoding = 4; lastKnownFileType = file.xib; path = XMGPushGuideView.xib; sourceTree = "<group>"; };
		96591C991C71D3D5008DE4BB /* BaiSiBuDeJie开发笔记.swift */ = {isa = PBXFileReference; fileEncoding = 4; lastKnownFileType = sourcecode.swift; name = "BaiSiBuDeJie开发笔记.swift"; path = "../BaiSiBuDeJie开发笔记.swift"; sourceTree = "<group>"; };
		965E74A81C7497BA008A8989 /* XMGRecommendTagsViewController.swift */ = {isa = PBXFileReference; fileEncoding = 4; lastKnownFileType = sourcecode.swift; path = XMGRecommendTagsViewController.swift; sourceTree = "<group>"; };
		965E74AA1C74990A008A8989 /* XMGRecommendTag.swift */ = {isa = PBXFileReference; fileEncoding = 4; lastKnownFileType = sourcecode.swift; path = XMGRecommendTag.swift; sourceTree = "<group>"; };
		96632E7D1C7C54BF00E40F23 /* XMGProgressView.swift */ = {isa = PBXFileReference; fileEncoding = 4; lastKnownFileType = sourcecode.swift; path = XMGProgressView.swift; sourceTree = "<group>"; };
		966BB3EE1C7AA09E00CAD685 /* NSDate+Extension.swift */ = {isa = PBXFileReference; fileEncoding = 4; lastKnownFileType = sourcecode.swift; path = "NSDate+Extension.swift"; sourceTree = "<group>"; };
		966BB3F01C7ACD0D00CAD685 /* XMGTopicViewController.swift */ = {isa = PBXFileReference; fileEncoding = 4; lastKnownFileType = sourcecode.swift; path = XMGTopicViewController.swift; sourceTree = "<group>"; };
		968A6F0C1C7B081E009D337A /* XMG.swift */ = {isa = PBXFileReference; fileEncoding = 4; lastKnownFileType = sourcecode.swift; path = XMG.swift; sourceTree = "<group>"; };
		968A6F0E1C7B0DCC009D337A /* XMGTopicPictureView.swift */ = {isa = PBXFileReference; fileEncoding = 4; lastKnownFileType = sourcecode.swift; path = XMGTopicPictureView.swift; sourceTree = "<group>"; };
		968A6F101C7B0DD7009D337A /* XMGTopicPictureView.xib */ = {isa = PBXFileReference; fileEncoding = 4; lastKnownFileType = file.xib; path = XMGTopicPictureView.xib; sourceTree = "<group>"; };
		968AA0581C83D4C30022175C /* XMGTopicVoiceView.swift */ = {isa = PBXFileReference; fileEncoding = 4; lastKnownFileType = sourcecode.swift; path = XMGTopicVoiceView.swift; sourceTree = "<group>"; };
		968AA05A1C83D4CE0022175C /* XMGTopicVoiceView.xib */ = {isa = PBXFileReference; fileEncoding = 4; lastKnownFileType = file.xib; path = XMGTopicVoiceView.xib; sourceTree = "<group>"; };
		968AA05C1C840A130022175C /* XMGTopicVideoView.xib */ = {isa = PBXFileReference; fileEncoding = 4; lastKnownFileType = file.xib; path = XMGTopicVideoView.xib; sourceTree = "<group>"; };
		968AA05E1C840A1F0022175C /* XMGTopicVideoView.swift */ = {isa = PBXFileReference; fileEncoding = 4; lastKnownFileType = sourcecode.swift; path = XMGTopicVideoView.swift; sourceTree = "<group>"; };
		968AA0601C84561B0022175C /* XMGUser.swift */ = {isa = PBXFileReference; fileEncoding = 4; lastKnownFileType = sourcecode.swift; path = XMGUser.swift; sourceTree = "<group>"; };
		968AA0621C8456800022175C /* XMGComment.swift */ = {isa = PBXFileReference; fileEncoding = 4; lastKnownFileType = sourcecode.swift; path = XMGComment.swift; sourceTree = "<group>"; };
		968AA0641C847A710022175C /* XMGCommentViewController.swift */ = {isa = PBXFileReference; fileEncoding = 4; lastKnownFileType = sourcecode.swift; path = XMGCommentViewController.swift; sourceTree = "<group>"; };
		968AA0651C847A710022175C /* XMGCommentViewController.xib */ = {isa = PBXFileReference; fileEncoding = 4; lastKnownFileType = file.xib; path = XMGCommentViewController.xib; sourceTree = "<group>"; };
		9690D9F51C7316070048E99B /* XMGRecommendCategory.swift */ = {isa = PBXFileReference; fileEncoding = 4; lastKnownFileType = sourcecode.swift; path = XMGRecommendCategory.swift; sourceTree = "<group>"; };
		9690D9F71C731AAC0048E99B /* XMGRecommendCategoryCell.swift */ = {isa = PBXFileReference; fileEncoding = 4; lastKnownFileType = sourcecode.swift; path = XMGRecommendCategoryCell.swift; sourceTree = "<group>"; };
		9690D9F81C731AAC0048E99B /* XMGRecommendCategoryCell.xib */ = {isa = PBXFileReference; fileEncoding = 4; lastKnownFileType = file.xib; path = XMGRecommendCategoryCell.xib; sourceTree = "<group>"; };
		9690D9FB1C7334C20048E99B /* XMGRecommendUserCell.swift */ = {isa = PBXFileReference; fileEncoding = 4; lastKnownFileType = sourcecode.swift; path = XMGRecommendUserCell.swift; sourceTree = "<group>"; };
		9690D9FC1C7334C20048E99B /* XMGRecommendUserCell.xib */ = {isa = PBXFileReference; fileEncoding = 4; lastKnownFileType = file.xib; path = XMGRecommendUserCell.xib; sourceTree = "<group>"; };
		9690D9FF1C73426A0048E99B /* XMGRecommendUser.swift */ = {isa = PBXFileReference; fileEncoding = 4; lastKnownFileType = sourcecode.swift; path = XMGRecommendUser.swift; sourceTree = "<group>"; };
		969C57D41C857B7F00CF8428 /* XMGCommentHeaderView.swift */ = {isa = PBXFileReference; fileEncoding = 4; lastKnownFileType = sourcecode.swift; path = XMGCommentHeaderView.swift; sourceTree = "<group>"; };
		969C57D61C85ADB400CF8428 /* XMGCommentCell.swift */ = {isa = PBXFileReference; fileEncoding = 4; lastKnownFileType = sourcecode.swift; path = XMGCommentCell.swift; sourceTree = "<group>"; };
		969C57D71C85ADB400CF8428 /* XMGCommentCell.xib */ = {isa = PBXFileReference; fileEncoding = 4; lastKnownFileType = file.xib; path = XMGCommentCell.xib; sourceTree = "<group>"; };
		96A8959B1C76BDF900D18324 /* XMGTextField.swift */ = {isa = PBXFileReference; fileEncoding = 4; lastKnownFileType = sourcecode.swift; path = XMGTextField.swift; sourceTree = "<group>"; };
		96B7AA8C1C7EA28F007AC158 /* XMGShowPictureViewController.swift */ = {isa = PBXFileReference; fileEncoding = 4; lastKnownFileType = sourcecode.swift; path = XMGShowPictureViewController.swift; sourceTree = "<group>"; };
		96B7AA8D1C7EA28F007AC158 /* XMGShowPictureViewController.xib */ = {isa = PBXFileReference; fileEncoding = 4; lastKnownFileType = file.xib; path = XMGShowPictureViewController.xib; sourceTree = "<group>"; };
		96B7AA921C7ED954007AC158 /* XMGPublishViewController.swift */ = {isa = PBXFileReference; fileEncoding = 4; lastKnownFileType = sourcecode.swift; path = XMGPublishViewController.swift; sourceTree = "<group>"; };
		96B7AA931C7ED954007AC158 /* XMGPublishViewController.xib */ = {isa = PBXFileReference; fileEncoding = 4; lastKnownFileType = file.xib; path = XMGPublishViewController.xib; sourceTree = "<group>"; };
		96C001BA1C72C21F0014F47D /* XMGNavigationController.swift */ = {isa = PBXFileReference; fileEncoding = 4; lastKnownFileType = sourcecode.swift; path = XMGNavigationController.swift; sourceTree = "<group>"; };
		96DB5FD41C71CD8700B289EE /* 4jchc-BaiSiBuDeJie.app */ = {isa = PBXFileReference; explicitFileType = wrapper.application; includeInIndex = 0; path = "4jchc-BaiSiBuDeJie.app"; sourceTree = BUILT_PRODUCTS_DIR; };
		96DB5FD71C71CD8700B289EE /* AppDelegate.swift */ = {isa = PBXFileReference; lastKnownFileType = sourcecode.swift; name = AppDelegate.swift; path = ../AppDelegate.swift; sourceTree = "<group>"; };
		96DB5FD91C71CD8700B289EE /* ViewController.swift */ = {isa = PBXFileReference; lastKnownFileType = sourcecode.swift; name = ViewController.swift; path = ../ViewController.swift; sourceTree = "<group>"; };
		96DB5FDE1C71CD8700B289EE /* Images.xcassets */ = {isa = PBXFileReference; lastKnownFileType = folder.assetcatalog; name = Images.xcassets; path = ../Images.xcassets; sourceTree = "<group>"; };
		96DB5FE11C71CD8700B289EE /* Base */ = {isa = PBXFileReference; lastKnownFileType = file.storyboard; name = Base; path = Base.lproj/LaunchScreen.storyboard; sourceTree = "<group>"; };
		96DB5FE31C71CD8700B289EE /* Info.plist */ = {isa = PBXFileReference; lastKnownFileType = text.plist.xml; name = Info.plist; path = ../Info.plist; sourceTree = "<group>"; };
		96DB5FE81C71CD8800B289EE /* 4jchc-BaiSiBuDeJieTests.xctest */ = {isa = PBXFileReference; explicitFileType = wrapper.cfbundle; includeInIndex = 0; path = "4jchc-BaiSiBuDeJieTests.xctest"; sourceTree = BUILT_PRODUCTS_DIR; };
		96DB5FEC1C71CD8800B289EE /* _jchc_BaiSiBuDeJieTests.swift */ = {isa = PBXFileReference; lastKnownFileType = sourcecode.swift; path = _jchc_BaiSiBuDeJieTests.swift; sourceTree = "<group>"; };
		96DB5FEE1C71CD8800B289EE /* Info.plist */ = {isa = PBXFileReference; lastKnownFileType = text.plist.xml; path = Info.plist; sourceTree = "<group>"; };
		96DB5FF31C71CD8800B289EE /* 4jchc-BaiSiBuDeJieUITests.xctest */ = {isa = PBXFileReference; explicitFileType = wrapper.cfbundle; includeInIndex = 0; path = "4jchc-BaiSiBuDeJieUITests.xctest"; sourceTree = BUILT_PRODUCTS_DIR; };
		96DB5FF71C71CD8800B289EE /* _jchc_BaiSiBuDeJieUITests.swift */ = {isa = PBXFileReference; lastKnownFileType = sourcecode.swift; path = _jchc_BaiSiBuDeJieUITests.swift; sourceTree = "<group>"; };
		96DB5FF91C71CD8800B289EE /* Info.plist */ = {isa = PBXFileReference; lastKnownFileType = text.plist.xml; path = Info.plist; sourceTree = "<group>"; };
		96ED7FAB1C796B8100ACC9E3 /* XMGTopic.swift */ = {isa = PBXFileReference; fileEncoding = 4; lastKnownFileType = sourcecode.swift; path = XMGTopic.swift; sourceTree = "<group>"; };
		96ED7FAD1C799D2F00ACC9E3 /* XMGTopicCell.swift */ = {isa = PBXFileReference; fileEncoding = 4; lastKnownFileType = sourcecode.swift; path = XMGTopicCell.swift; sourceTree = "<group>"; };
		96ED7FAE1C799D2F00ACC9E3 /* XMGTopicCell.xib */ = {isa = PBXFileReference; fileEncoding = 4; lastKnownFileType = file.xib; path = XMGTopicCell.xib; sourceTree = "<group>"; };
/* End PBXFileReference section */

/* Begin PBXFrameworksBuildPhase section */
		96DB5FD11C71CD8700B289EE /* Frameworks */ = {
			isa = PBXFrameworksBuildPhase;
			buildActionMask = 2147483647;
			files = (
				966A53A9DDA3A93070480B18 /* Pods.framework in Frameworks */,
			);
			runOnlyForDeploymentPostprocessing = 0;
		};
		96DB5FE51C71CD8800B289EE /* Frameworks */ = {
			isa = PBXFrameworksBuildPhase;
			buildActionMask = 2147483647;
			files = (
			);
			runOnlyForDeploymentPostprocessing = 0;
		};
		96DB5FF01C71CD8800B289EE /* Frameworks */ = {
			isa = PBXFrameworksBuildPhase;
			buildActionMask = 2147483647;
			files = (
			);
			runOnlyForDeploymentPostprocessing = 0;
		};
/* End PBXFrameworksBuildPhase section */

/* Begin PBXGroup section */
		961970591C72265800D67033 /* Class */ = {
			isa = PBXGroup;
			children = (
				96591C991C71D3D5008DE4BB /* BaiSiBuDeJie开发笔记.swift */,
				961970831C7227B900D67033 /* 常量.swift */,
				9619705A1C72265800D67033 /* Essence-精华 */,
				9619705F1C72265800D67033 /* FriendTrends-关注 */,
				961970641C72265800D67033 /* Me-我 */,
				961970691C72265800D67033 /* New-新帖 */,
				9619706E1C72265800D67033 /* Other-其他 */,
				961970741C72265800D67033 /* Tool */,
			);
			path = Class;
			sourceTree = "<group>";
		};
		9619705A1C72265800D67033 /* Essence-精华 */ = {
			isa = PBXGroup;
			children = (
				9619705B1C72265800D67033 /* Controller */,
				9619705D1C72265800D67033 /* Model */,
				9619705E1C72265800D67033 /* View */,
			);
			path = "Essence-精华";
			sourceTree = "<group>";
		};
		9619705B1C72265800D67033 /* Controller */ = {
			isa = PBXGroup;
			children = (
				9619705C1C72265800D67033 /* XMGEssenceViewController.swift */,
				965E74A81C7497BA008A8989 /* XMGRecommendTagsViewController.swift */,
				966BB3F01C7ACD0D00CAD685 /* XMGTopicViewController.swift */,
				96B7AA8C1C7EA28F007AC158 /* XMGShowPictureViewController.swift */,
				96B7AA8D1C7EA28F007AC158 /* XMGShowPictureViewController.xib */,
				968AA0641C847A710022175C /* XMGCommentViewController.swift */,
				968AA0651C847A710022175C /* XMGCommentViewController.xib */,
			);
			path = Controller;
			sourceTree = "<group>";
		};
		9619705D1C72265800D67033 /* Model */ = {
			isa = PBXGroup;
			children = (
				965E74AA1C74990A008A8989 /* XMGRecommendTag.swift */,
				96ED7FAB1C796B8100ACC9E3 /* XMGTopic.swift */,
				968AA0601C84561B0022175C /* XMGUser.swift */,
				968AA0621C8456800022175C /* XMGComment.swift */,
			);
			path = Model;
			sourceTree = "<group>";
		};
		9619705E1C72265800D67033 /* View */ = {
			isa = PBXGroup;
			children = (
				964AAA6D1C74B2940011C842 /* XMGRecommendTagCell.swift */,
				964AAA6E1C74B2940011C842 /* XMGRecommendTagCell.xib */,
				96ED7FAD1C799D2F00ACC9E3 /* XMGTopicCell.swift */,
				96ED7FAE1C799D2F00ACC9E3 /* XMGTopicCell.xib */,
				968A6F0E1C7B0DCC009D337A /* XMGTopicPictureView.swift */,
				968A6F101C7B0DD7009D337A /* XMGTopicPictureView.xib */,
				96632E7D1C7C54BF00E40F23 /* XMGProgressView.swift */,
				968AA0581C83D4C30022175C /* XMGTopicVoiceView.swift */,
				968AA05A1C83D4CE0022175C /* XMGTopicVoiceView.xib */,
				968AA05E1C840A1F0022175C /* XMGTopicVideoView.swift */,
				968AA05C1C840A130022175C /* XMGTopicVideoView.xib */,
				969C57D41C857B7F00CF8428 /* XMGCommentHeaderView.swift */,
				969C57D61C85ADB400CF8428 /* XMGCommentCell.swift */,
				969C57D71C85ADB400CF8428 /* XMGCommentCell.xib */,
			);
			path = View;
			sourceTree = "<group>";
		};
		9619705F1C72265800D67033 /* FriendTrends-关注 */ = {
			isa = PBXGroup;
			children = (
				961970601C72265800D67033 /* Controller */,
				961970621C72265800D67033 /* Model */,
				961970631C72265800D67033 /* View */,
			);
			path = "FriendTrends-关注";
			sourceTree = "<group>";
		};
		961970601C72265800D67033 /* Controller */ = {
			isa = PBXGroup;
			children = (
				961970611C72265800D67033 /* XMGFriendTrendsViewController.swift */,
				96106A691C72E9E1009090A0 /* XMGFriendTrendsViewController.xib */,
				96106A6B1C72F94F009090A0 /* XMGRecommendViewController.swift */,
				96106A6C1C72F94F009090A0 /* XMGRecommendViewController.xib */,
				964C4D401C75C9D600705349 /* XMGLoginRegisterViewController.swift */,
				964C4D411C75C9D600705349 /* XMGLoginRegisterViewController.xib */,
			);
			path = Controller;
			sourceTree = "<group>";
		};
		961970621C72265800D67033 /* Model */ = {
			isa = PBXGroup;
			children = (
				9690D9F51C7316070048E99B /* XMGRecommendCategory.swift */,
				9690D9FF1C73426A0048E99B /* XMGRecommendUser.swift */,
			);
			path = Model;
			sourceTree = "<group>";
		};
		961970631C72265800D67033 /* View */ = {
			isa = PBXGroup;
			children = (
				9690D9FB1C7334C20048E99B /* XMGRecommendUserCell.swift */,
				9690D9FC1C7334C20048E99B /* XMGRecommendUserCell.xib */,
				9690D9F71C731AAC0048E99B /* XMGRecommendCategoryCell.swift */,
				9690D9F81C731AAC0048E99B /* XMGRecommendCategoryCell.xib */,
				9609B73F1C75F1B400AC5E3C /* XMGVerticalButton.swift */,
				96A8959B1C76BDF900D18324 /* XMGTextField.swift */,
			);
			path = View;
			sourceTree = "<group>";
		};
		961970641C72265800D67033 /* Me-我 */ = {
			isa = PBXGroup;
			children = (
				961970651C72265800D67033 /* Controller */,
				961970671C72265800D67033 /* Model */,
				961970681C72265800D67033 /* View */,
			);
			path = "Me-我";
			sourceTree = "<group>";
		};
		961970651C72265800D67033 /* Controller */ = {
			isa = PBXGroup;
			children = (
				961970661C72265800D67033 /* XMGMeViewController.swift */,
			);
			path = Controller;
			sourceTree = "<group>";
		};
		961970671C72265800D67033 /* Model */ = {
			isa = PBXGroup;
			children = (
			);
			path = Model;
			sourceTree = "<group>";
		};
		961970681C72265800D67033 /* View */ = {
			isa = PBXGroup;
			children = (
			);
			path = View;
			sourceTree = "<group>";
		};
		961970691C72265800D67033 /* New-新帖 */ = {
			isa = PBXGroup;
			children = (
				9619706A1C72265800D67033 /* Controller */,
				9619706C1C72265800D67033 /* Model */,
				9619706D1C72265800D67033 /* View */,
			);
			path = "New-新帖";
			sourceTree = "<group>";
		};
		9619706A1C72265800D67033 /* Controller */ = {
			isa = PBXGroup;
			children = (
				9619706B1C72265800D67033 /* XMGNewViewController.swift */,
			);
			path = Controller;
			sourceTree = "<group>";
		};
		9619706C1C72265800D67033 /* Model */ = {
			isa = PBXGroup;
			children = (
			);
			path = Model;
			sourceTree = "<group>";
		};
		9619706D1C72265800D67033 /* View */ = {
			isa = PBXGroup;
			children = (
			);
			path = View;
			sourceTree = "<group>";
		};
		9619706E1C72265800D67033 /* Other-其他 */ = {
			isa = PBXGroup;
			children = (
				9619706F1C72265800D67033 /* Controller */,
				961970711C72265800D67033 /* Model */,
				961970721C72265800D67033 /* View */,
			);
			path = "Other-其他";
			sourceTree = "<group>";
		};
		9619706F1C72265800D67033 /* Controller */ = {
			isa = PBXGroup;
			children = (
				961970701C72265800D67033 /* XMGTabBarController.swift */,
				96C001BA1C72C21F0014F47D /* XMGNavigationController.swift */,
				96B7AA921C7ED954007AC158 /* XMGPublishViewController.swift */,
				96B7AA931C7ED954007AC158 /* XMGPublishViewController.xib */,
			);
			path = Controller;
			sourceTree = "<group>";
		};
		961970711C72265800D67033 /* Model */ = {
			isa = PBXGroup;
			children = (
			);
			path = Model;
			sourceTree = "<group>";
		};
		961970721C72265800D67033 /* View */ = {
			isa = PBXGroup;
			children = (
				961970731C72265800D67033 /* XMGTabBar.swift */,
				9653366D1C7735D500CF91E0 /* XMGPushGuideView.swift */,
				9653366F1C7735EC00CF91E0 /* XMGPushGuideView.xib */,
			);
			path = View;
			sourceTree = "<group>";
		};
		961970741C72265800D67033 /* Tool */ = {
			isa = PBXGroup;
			children = (
				96106A6F1C7300A8009090A0 /* NetworkTools.swift */,
				966BB3EE1C7AA09E00CAD685 /* NSDate+Extension.swift */,
				961970751C72265800D67033 /* Frame+Extension.swift */,
				961970851C72287100D67033 /* UIColor+Extension.swift */,
				961970761C72265800D67033 /* UIBarButtonItem+Extension.swift */,
				961970771C72265800D67033 /* UIKit+Extension.swift */,
				961970781C72265800D67033 /* UITabBarController+Extension.swift */,
				968A6F0C1C7B081E009D337A /* XMG.swift */,
			);
			path = Tool;
			sourceTree = "<group>";
		};
		96DB5FCB1C71CD8700B289EE = {
			isa = PBXGroup;
			children = (
				96DB5FD61C71CD8700B289EE /* 4jchc-BaiSiBuDeJie */,
				96DB5FEB1C71CD8800B289EE /* 4jchc-BaiSiBuDeJieTests */,
				96DB5FF61C71CD8800B289EE /* 4jchc-BaiSiBuDeJieUITests */,
				96DB5FD51C71CD8700B289EE /* Products */,
				B943FD81DA5F1DE70DEBD57A /* Pods */,
				F44D99CC6C90DF7BA2F9B5C8 /* Frameworks */,
			);
			sourceTree = "<group>";
		};
		96DB5FD51C71CD8700B289EE /* Products */ = {
			isa = PBXGroup;
			children = (
				96DB5FD41C71CD8700B289EE /* 4jchc-BaiSiBuDeJie.app */,
				96DB5FE81C71CD8800B289EE /* 4jchc-BaiSiBuDeJieTests.xctest */,
				96DB5FF31C71CD8800B289EE /* 4jchc-BaiSiBuDeJieUITests.xctest */,
			);
			name = Products;
			sourceTree = "<group>";
		};
		96DB5FD61C71CD8700B289EE /* 4jchc-BaiSiBuDeJie */ = {
			isa = PBXGroup;
			children = (
				961970591C72265800D67033 /* Class */,
				96DB60051C71D1EC00B289EE /* 没用 */,
			);
			path = "4jchc-BaiSiBuDeJie";
			sourceTree = "<group>";
		};
		96DB5FEB1C71CD8800B289EE /* 4jchc-BaiSiBuDeJieTests */ = {
			isa = PBXGroup;
			children = (
				96DB5FEC1C71CD8800B289EE /* _jchc_BaiSiBuDeJieTests.swift */,
				96DB5FEE1C71CD8800B289EE /* Info.plist */,
			);
			path = "4jchc-BaiSiBuDeJieTests";
			sourceTree = "<group>";
		};
		96DB5FF61C71CD8800B289EE /* 4jchc-BaiSiBuDeJieUITests */ = {
			isa = PBXGroup;
			children = (
				96DB5FF71C71CD8800B289EE /* _jchc_BaiSiBuDeJieUITests.swift */,
				96DB5FF91C71CD8800B289EE /* Info.plist */,
			);
			path = "4jchc-BaiSiBuDeJieUITests";
			sourceTree = "<group>";
		};
		96DB60051C71D1EC00B289EE /* 没用 */ = {
			isa = PBXGroup;
			children = (
				96DB5FD71C71CD8700B289EE /* AppDelegate.swift */,
				96DB5FD91C71CD8700B289EE /* ViewController.swift */,
				96DB5FDE1C71CD8700B289EE /* Images.xcassets */,
				96DB5FE01C71CD8700B289EE /* LaunchScreen.storyboard */,
				96DB5FE31C71CD8700B289EE /* Info.plist */,
			);
			path = "没用";
			sourceTree = "<group>";
		};
		B943FD81DA5F1DE70DEBD57A /* Pods */ = {
			isa = PBXGroup;
			children = (
				2BEACBDAE940A95B04FC389C /* Pods.debug.xcconfig */,
				3B9F0C162C80641EEE3B6A9E /* Pods.release.xcconfig */,
			);
			name = Pods;
			sourceTree = "<group>";
		};
		F44D99CC6C90DF7BA2F9B5C8 /* Frameworks */ = {
			isa = PBXGroup;
			children = (
				5D05291C0ACBD0E881906816 /* Pods.framework */,
			);
			name = Frameworks;
			sourceTree = "<group>";
		};
/* End PBXGroup section */

/* Begin PBXNativeTarget section */
		96DB5FD31C71CD8700B289EE /* 4jchc-BaiSiBuDeJie */ = {
			isa = PBXNativeTarget;
			buildConfigurationList = 96DB5FFC1C71CD8800B289EE /* Build configuration list for PBXNativeTarget "4jchc-BaiSiBuDeJie" */;
			buildPhases = (
				25097F09855B045F80BDD85E /* Check Pods Manifest.lock */,
				96DB5FD01C71CD8700B289EE /* Sources */,
				96DB5FD11C71CD8700B289EE /* Frameworks */,
				96DB5FD21C71CD8700B289EE /* Resources */,
				3A4977B1BAC963C8CE50828F /* Embed Pods Frameworks */,
				F4B4D392EAC6F55B39B10953 /* Copy Pods Resources */,
			);
			buildRules = (
			);
			dependencies = (
			);
			name = "4jchc-BaiSiBuDeJie";
			productName = "4jchc-BaiSiBuDeJie";
			productReference = 96DB5FD41C71CD8700B289EE /* 4jchc-BaiSiBuDeJie.app */;
			productType = "com.apple.product-type.application";
		};
		96DB5FE71C71CD8800B289EE /* 4jchc-BaiSiBuDeJieTests */ = {
			isa = PBXNativeTarget;
			buildConfigurationList = 96DB5FFF1C71CD8800B289EE /* Build configuration list for PBXNativeTarget "4jchc-BaiSiBuDeJieTests" */;
			buildPhases = (
				96DB5FE41C71CD8800B289EE /* Sources */,
				96DB5FE51C71CD8800B289EE /* Frameworks */,
				96DB5FE61C71CD8800B289EE /* Resources */,
			);
			buildRules = (
			);
			dependencies = (
				96DB5FEA1C71CD8800B289EE /* PBXTargetDependency */,
			);
			name = "4jchc-BaiSiBuDeJieTests";
			productName = "4jchc-BaiSiBuDeJieTests";
			productReference = 96DB5FE81C71CD8800B289EE /* 4jchc-BaiSiBuDeJieTests.xctest */;
			productType = "com.apple.product-type.bundle.unit-test";
		};
		96DB5FF21C71CD8800B289EE /* 4jchc-BaiSiBuDeJieUITests */ = {
			isa = PBXNativeTarget;
			buildConfigurationList = 96DB60021C71CD8800B289EE /* Build configuration list for PBXNativeTarget "4jchc-BaiSiBuDeJieUITests" */;
			buildPhases = (
				96DB5FEF1C71CD8800B289EE /* Sources */,
				96DB5FF01C71CD8800B289EE /* Frameworks */,
				96DB5FF11C71CD8800B289EE /* Resources */,
			);
			buildRules = (
			);
			dependencies = (
				96DB5FF51C71CD8800B289EE /* PBXTargetDependency */,
			);
			name = "4jchc-BaiSiBuDeJieUITests";
			productName = "4jchc-BaiSiBuDeJieUITests";
			productReference = 96DB5FF31C71CD8800B289EE /* 4jchc-BaiSiBuDeJieUITests.xctest */;
			productType = "com.apple.product-type.bundle.ui-testing";
		};
/* End PBXNativeTarget section */

/* Begin PBXProject section */
		96DB5FCC1C71CD8700B289EE /* Project object */ = {
			isa = PBXProject;
			attributes = {
				LastSwiftUpdateCheck = 0720;
				LastUpgradeCheck = 0720;
				ORGANIZATIONNAME = "蒋进";
				TargetAttributes = {
					96DB5FD31C71CD8700B289EE = {
						CreatedOnToolsVersion = 7.2.1;
						DevelopmentTeam = PE2TM7382T;
					};
					96DB5FE71C71CD8800B289EE = {
						CreatedOnToolsVersion = 7.2.1;
						TestTargetID = 96DB5FD31C71CD8700B289EE;
					};
					96DB5FF21C71CD8800B289EE = {
						CreatedOnToolsVersion = 7.2.1;
						TestTargetID = 96DB5FD31C71CD8700B289EE;
					};
				};
			};
			buildConfigurationList = 96DB5FCF1C71CD8700B289EE /* Build configuration list for PBXProject "4jchc-BaiSiBuDeJie" */;
			compatibilityVersion = "Xcode 3.2";
			developmentRegion = English;
			hasScannedForEncodings = 0;
			knownRegions = (
				en,
				Base,
			);
			mainGroup = 96DB5FCB1C71CD8700B289EE;
			productRefGroup = 96DB5FD51C71CD8700B289EE /* Products */;
			projectDirPath = "";
			projectRoot = "";
			targets = (
				96DB5FD31C71CD8700B289EE /* 4jchc-BaiSiBuDeJie */,
				96DB5FE71C71CD8800B289EE /* 4jchc-BaiSiBuDeJieTests */,
				96DB5FF21C71CD8800B289EE /* 4jchc-BaiSiBuDeJieUITests */,
			);
		};
/* End PBXProject section */

/* Begin PBXResourcesBuildPhase section */
		96DB5FD21C71CD8700B289EE /* Resources */ = {
			isa = PBXResourcesBuildPhase;
			buildActionMask = 2147483647;
			files = (
				968AA05B1C83D4CE0022175C /* XMGTopicVoiceView.xib in Resources */,
				96ED7FB01C799D2F00ACC9E3 /* XMGTopicCell.xib in Resources */,
				965336701C7735EC00CF91E0 /* XMGPushGuideView.xib in Resources */,
				96B7AA8F1C7EA28F007AC158 /* XMGShowPictureViewController.xib in Resources */,
				969C57D91C85ADB400CF8428 /* XMGCommentCell.xib in Resources */,
				964AAA701C74B2940011C842 /* XMGRecommendTagCell.xib in Resources */,
				96106A6E1C72F950009090A0 /* XMGRecommendViewController.xib in Resources */,
				96B7AA951C7ED954007AC158 /* XMGPublishViewController.xib in Resources */,
				9690D9FA1C731AAC0048E99B /* XMGRecommendCategoryCell.xib in Resources */,
				96DB5FE21C71CD8700B289EE /* LaunchScreen.storyboard in Resources */,
				964C4D431C75C9D600705349 /* XMGLoginRegisterViewController.xib in Resources */,
				968A6F111C7B0DD7009D337A /* XMGTopicPictureView.xib in Resources */,
				968AA0671C847A710022175C /* XMGCommentViewController.xib in Resources */,
				96106A6A1C72E9E1009090A0 /* XMGFriendTrendsViewController.xib in Resources */,
				9690D9FE1C7334C20048E99B /* XMGRecommendUserCell.xib in Resources */,
				968AA05D1C840A130022175C /* XMGTopicVideoView.xib in Resources */,
				96DB5FDF1C71CD8700B289EE /* Images.xcassets in Resources */,
			);
			runOnlyForDeploymentPostprocessing = 0;
		};
		96DB5FE61C71CD8800B289EE /* Resources */ = {
			isa = PBXResourcesBuildPhase;
			buildActionMask = 2147483647;
			files = (
			);
			runOnlyForDeploymentPostprocessing = 0;
		};
		96DB5FF11C71CD8800B289EE /* Resources */ = {
			isa = PBXResourcesBuildPhase;
			buildActionMask = 2147483647;
			files = (
			);
			runOnlyForDeploymentPostprocessing = 0;
		};
/* End PBXResourcesBuildPhase section */

/* Begin PBXShellScriptBuildPhase section */
		25097F09855B045F80BDD85E /* Check Pods Manifest.lock */ = {
			isa = PBXShellScriptBuildPhase;
			buildActionMask = 2147483647;
			files = (
			);
			inputPaths = (
			);
			name = "Check Pods Manifest.lock";
			outputPaths = (
			);
			runOnlyForDeploymentPostprocessing = 0;
			shellPath = /bin/sh;
			shellScript = "diff \"${PODS_ROOT}/../Podfile.lock\" \"${PODS_ROOT}/Manifest.lock\" > /dev/null\nif [[ $? != 0 ]] ; then\n    cat << EOM\nerror: The sandbox is not in sync with the Podfile.lock. Run 'pod install' or update your CocoaPods installation.\nEOM\n    exit 1\nfi\n";
			showEnvVarsInLog = 0;
		};
		3A4977B1BAC963C8CE50828F /* Embed Pods Frameworks */ = {
			isa = PBXShellScriptBuildPhase;
			buildActionMask = 2147483647;
			files = (
			);
			inputPaths = (
			);
			name = "Embed Pods Frameworks";
			outputPaths = (
			);
			runOnlyForDeploymentPostprocessing = 0;
			shellPath = /bin/sh;
			shellScript = "\"${SRCROOT}/Pods/Target Support Files/Pods/Pods-frameworks.sh\"\n";
			showEnvVarsInLog = 0;
		};
		F4B4D392EAC6F55B39B10953 /* Copy Pods Resources */ = {
			isa = PBXShellScriptBuildPhase;
			buildActionMask = 2147483647;
			files = (
			);
			inputPaths = (
			);
			name = "Copy Pods Resources";
			outputPaths = (
			);
			runOnlyForDeploymentPostprocessing = 0;
			shellPath = /bin/sh;
			shellScript = "\"${SRCROOT}/Pods/Target Support Files/Pods/Pods-resources.sh\"\n";
			showEnvVarsInLog = 0;
		};
/* End PBXShellScriptBuildPhase section */

/* Begin PBXSourcesBuildPhase section */
		96DB5FD01C71CD8700B289EE /* Sources */ = {
			isa = PBXSourcesBuildPhase;
			buildActionMask = 2147483647;
			files = (
				9690DA001C73426A0048E99B /* XMGRecommendUser.swift in Sources */,
				9619707D1C72265800D67033 /* XMGTabBarController.swift in Sources */,
				964C4D421C75C9D600705349 /* XMGLoginRegisterViewController.swift in Sources */,
				96B7AA8E1C7EA28F007AC158 /* XMGShowPictureViewController.swift in Sources */,
				9619707C1C72265800D67033 /* XMGNewViewController.swift in Sources */,
				9690D9FD1C7334C20048E99B /* XMGRecommendUserCell.swift in Sources */,
				96DB5FDA1C71CD8700B289EE /* ViewController.swift in Sources */,
				96A8959C1C76BDF900D18324 /* XMGTextField.swift in Sources */,
				9619707E1C72265800D67033 /* XMGTabBar.swift in Sources */,
				9619707A1C72265800D67033 /* XMGFriendTrendsViewController.swift in Sources */,
				961970801C72265800D67033 /* UIBarButtonItem+Extension.swift in Sources */,
				968AA0611C84561B0022175C /* XMGUser.swift in Sources */,
				968AA0631C8456800022175C /* XMGComment.swift in Sources */,
				9609B7401C75F1B400AC5E3C /* XMGVerticalButton.swift in Sources */,
				96106A6D1C72F94F009090A0 /* XMGRecommendViewController.swift in Sources */,
				961970841C7227B900D67033 /* 常量.swift in Sources */,
				969C57D51C857B7F00CF8428 /* XMGCommentHeaderView.swift in Sources */,
				965E74AB1C74990A008A8989 /* XMGRecommendTag.swift in Sources */,
				9619707F1C72265800D67033 /* Frame+Extension.swift in Sources */,
				965E74A91C7497BA008A8989 /* XMGRecommendTagsViewController.swift in Sources */,
				966BB3EF1C7AA09E00CAD685 /* NSDate+Extension.swift in Sources */,
				9690D9F91C731AAC0048E99B /* XMGRecommendCategoryCell.swift in Sources */,
				96C001BB1C72C21F0014F47D /* XMGNavigationController.swift in Sources */,
				96591C9A1C71D3D5008DE4BB /* BaiSiBuDeJie开发笔记.swift in Sources */,
				968AA0591C83D4C30022175C /* XMGTopicVoiceView.swift in Sources */,
				96B7AA941C7ED954007AC158 /* XMGPublishViewController.swift in Sources */,
				968AA05F1C840A1F0022175C /* XMGTopicVideoView.swift in Sources */,
				968A6F0D1C7B081E009D337A /* XMG.swift in Sources */,
				966BB3F11C7ACD0D00CAD685 /* XMGTopicViewController.swift in Sources */,
				9653366E1C7735D500CF91E0 /* XMGPushGuideView.swift in Sources */,
				964AAA6F1C74B2940011C842 /* XMGRecommendTagCell.swift in Sources */,
				961970861C72287100D67033 /* UIColor+Extension.swift in Sources */,
				96ED7FAC1C796B8100ACC9E3 /* XMGTopic.swift in Sources */,
				961970791C72265800D67033 /* XMGEssenceViewController.swift in Sources */,
				961970821C72265800D67033 /* UITabBarController+Extension.swift in Sources */,
				9690D9F61C7316070048E99B /* XMGRecommendCategory.swift in Sources */,
				969C57D81C85ADB400CF8428 /* XMGCommentCell.swift in Sources */,
				96106A701C7300A8009090A0 /* NetworkTools.swift in Sources */,
				96ED7FAF1C799D2F00ACC9E3 /* XMGTopicCell.swift in Sources */,
				968A6F0F1C7B0DCC009D337A /* XMGTopicPictureView.swift in Sources */,
				968AA0661C847A710022175C /* XMGCommentViewController.swift in Sources */,
				96632E7E1C7C54BF00E40F23 /* XMGProgressView.swift in Sources */,
				96DB5FD81C71CD8700B289EE /* AppDelegate.swift in Sources */,
				961970811C72265800D67033 /* UIKit+Extension.swift in Sources */,
				9619707B1C72265800D67033 /* XMGMeViewController.swift in Sources */,
			);
			runOnlyForDeploymentPostprocessing = 0;
		};
		96DB5FE41C71CD8800B289EE /* Sources */ = {
			isa = PBXSourcesBuildPhase;
			buildActionMask = 2147483647;
			files = (
				96DB5FED1C71CD8800B289EE /* _jchc_BaiSiBuDeJieTests.swift in Sources */,
			);
			runOnlyForDeploymentPostprocessing = 0;
		};
		96DB5FEF1C71CD8800B289EE /* Sources */ = {
			isa = PBXSourcesBuildPhase;
			buildActionMask = 2147483647;
			files = (
				96DB5FF81C71CD8800B289EE /* _jchc_BaiSiBuDeJieUITests.swift in Sources */,
			);
			runOnlyForDeploymentPostprocessing = 0;
		};
/* End PBXSourcesBuildPhase section */

/* Begin PBXTargetDependency section */
		96DB5FEA1C71CD8800B289EE /* PBXTargetDependency */ = {
			isa = PBXTargetDependency;
			target = 96DB5FD31C71CD8700B289EE /* 4jchc-BaiSiBuDeJie */;
			targetProxy = 96DB5FE91C71CD8800B289EE /* PBXContainerItemProxy */;
		};
		96DB5FF51C71CD8800B289EE /* PBXTargetDependency */ = {
			isa = PBXTargetDependency;
			target = 96DB5FD31C71CD8700B289EE /* 4jchc-BaiSiBuDeJie */;
			targetProxy = 96DB5FF41C71CD8800B289EE /* PBXContainerItemProxy */;
		};
/* End PBXTargetDependency section */

/* Begin PBXVariantGroup section */
		96DB5FE01C71CD8700B289EE /* LaunchScreen.storyboard */ = {
			isa = PBXVariantGroup;
			children = (
				96DB5FE11C71CD8700B289EE /* Base */,
			);
			name = LaunchScreen.storyboard;
			path = ..;
			sourceTree = "<group>";
		};
/* End PBXVariantGroup section */

/* Begin XCBuildConfiguration section */
		96DB5FFA1C71CD8800B289EE /* Debug */ = {
			isa = XCBuildConfiguration;
			buildSettings = {
				ALWAYS_SEARCH_USER_PATHS = NO;
				CLANG_CXX_LANGUAGE_STANDARD = "gnu++0x";
				CLANG_CXX_LIBRARY = "libc++";
				CLANG_ENABLE_MODULES = YES;
				CLANG_ENABLE_OBJC_ARC = YES;
				CLANG_WARN_BOOL_CONVERSION = YES;
				CLANG_WARN_CONSTANT_CONVERSION = YES;
				CLANG_WARN_DIRECT_OBJC_ISA_USAGE = YES_ERROR;
				CLANG_WARN_EMPTY_BODY = YES;
				CLANG_WARN_ENUM_CONVERSION = YES;
				CLANG_WARN_INT_CONVERSION = YES;
				CLANG_WARN_OBJC_ROOT_CLASS = YES_ERROR;
				CLANG_WARN_UNREACHABLE_CODE = YES;
				CLANG_WARN__DUPLICATE_METHOD_MATCH = YES;
				"CODE_SIGN_IDENTITY[sdk=iphoneos*]" = "iPhone Developer";
				COPY_PHASE_STRIP = NO;
				DEBUG_INFORMATION_FORMAT = dwarf;
				ENABLE_STRICT_OBJC_MSGSEND = YES;
				ENABLE_TESTABILITY = YES;
				GCC_C_LANGUAGE_STANDARD = gnu99;
				GCC_DYNAMIC_NO_PIC = NO;
				GCC_NO_COMMON_BLOCKS = YES;
				GCC_OPTIMIZATION_LEVEL = 0;
				GCC_PREPROCESSOR_DEFINITIONS = (
					"DEBUG=1",
					"$(inherited)",
				);
				GCC_WARN_64_TO_32_BIT_CONVERSION = YES;
				GCC_WARN_ABOUT_RETURN_TYPE = YES_ERROR;
				GCC_WARN_UNDECLARED_SELECTOR = YES;
				GCC_WARN_UNINITIALIZED_AUTOS = YES_AGGRESSIVE;
				GCC_WARN_UNUSED_FUNCTION = YES;
				GCC_WARN_UNUSED_VARIABLE = YES;
				IPHONEOS_DEPLOYMENT_TARGET = 9.2;
				MTL_ENABLE_DEBUG_INFO = YES;
				ONLY_ACTIVE_ARCH = YES;
				SDKROOT = iphoneos;
				SWIFT_OPTIMIZATION_LEVEL = "-Onone";
				TARGETED_DEVICE_FAMILY = "1,2";
			};
			name = Debug;
		};
		96DB5FFB1C71CD8800B289EE /* Release */ = {
			isa = XCBuildConfiguration;
			buildSettings = {
				ALWAYS_SEARCH_USER_PATHS = NO;
				CLANG_CXX_LANGUAGE_STANDARD = "gnu++0x";
				CLANG_CXX_LIBRARY = "libc++";
				CLANG_ENABLE_MODULES = YES;
				CLANG_ENABLE_OBJC_ARC = YES;
				CLANG_WARN_BOOL_CONVERSION = YES;
				CLANG_WARN_CONSTANT_CONVERSION = YES;
				CLANG_WARN_DIRECT_OBJC_ISA_USAGE = YES_ERROR;
				CLANG_WARN_EMPTY_BODY = YES;
				CLANG_WARN_ENUM_CONVERSION = YES;
				CLANG_WARN_INT_CONVERSION = YES;
				CLANG_WARN_OBJC_ROOT_CLASS = YES_ERROR;
				CLANG_WARN_UNREACHABLE_CODE = YES;
				CLANG_WARN__DUPLICATE_METHOD_MATCH = YES;
				"CODE_SIGN_IDENTITY[sdk=iphoneos*]" = "iPhone Developer";
				COPY_PHASE_STRIP = NO;
				DEBUG_INFORMATION_FORMAT = "dwarf-with-dsym";
				ENABLE_NS_ASSERTIONS = NO;
				ENABLE_STRICT_OBJC_MSGSEND = YES;
				GCC_C_LANGUAGE_STANDARD = gnu99;
				GCC_NO_COMMON_BLOCKS = YES;
				GCC_WARN_64_TO_32_BIT_CONVERSION = YES;
				GCC_WARN_ABOUT_RETURN_TYPE = YES_ERROR;
				GCC_WARN_UNDECLARED_SELECTOR = YES;
				GCC_WARN_UNINITIALIZED_AUTOS = YES_AGGRESSIVE;
				GCC_WARN_UNUSED_FUNCTION = YES;
				GCC_WARN_UNUSED_VARIABLE = YES;
				IPHONEOS_DEPLOYMENT_TARGET = 9.2;
				MTL_ENABLE_DEBUG_INFO = NO;
				SDKROOT = iphoneos;
				TARGETED_DEVICE_FAMILY = "1,2";
				VALIDATE_PRODUCT = YES;
			};
			name = Release;
		};
		96DB5FFD1C71CD8800B289EE /* Debug */ = {
			isa = XCBuildConfiguration;
			baseConfigurationReference = 2BEACBDAE940A95B04FC389C /* Pods.debug.xcconfig */;
			buildSettings = {
				ASSETCATALOG_COMPILER_APPICON_NAME = AppIcon;
				ASSETCATALOG_COMPILER_LAUNCHIMAGE_NAME = LaunchImage;
				CODE_SIGN_IDENTITY = "iPhone Developer";
				INFOPLIST_FILE = "4jchc-BaiSiBuDeJie/Info.plist";
				LD_RUNPATH_SEARCH_PATHS = "$(inherited) @executable_path/Frameworks";
				"OTHER_SWIFT_FLAGS[arch=*]" = "-D DEBUG";
				PRODUCT_BUNDLE_IDENTIFIER = swift.903;
				PRODUCT_NAME = "$(TARGET_NAME)";
			};
			name = Debug;
		};
		96DB5FFE1C71CD8800B289EE /* Release */ = {
			isa = XCBuildConfiguration;
			baseConfigurationReference = 3B9F0C162C80641EEE3B6A9E /* Pods.release.xcconfig */;
			buildSettings = {
				ASSETCATALOG_COMPILER_APPICON_NAME = AppIcon;
				ASSETCATALOG_COMPILER_LAUNCHIMAGE_NAME = LaunchImage;
				CODE_SIGN_IDENTITY = "iPhone Developer";
				INFOPLIST_FILE = "4jchc-BaiSiBuDeJie/Info.plist";
				LD_RUNPATH_SEARCH_PATHS = "$(inherited) @executable_path/Frameworks";
				PRODUCT_BUNDLE_IDENTIFIER = swift.903;
				PRODUCT_NAME = "$(TARGET_NAME)";
			};
			name = Release;
		};
		96DB60001C71CD8800B289EE /* Debug */ = {
			isa = XCBuildConfiguration;
			buildSettings = {
				BUNDLE_LOADER = "$(TEST_HOST)";
				INFOPLIST_FILE = "4jchc-BaiSiBuDeJieTests/Info.plist";
				LD_RUNPATH_SEARCH_PATHS = "$(inherited) @executable_path/Frameworks @loader_path/Frameworks";
				PRODUCT_BUNDLE_IDENTIFIER = "-jchc.-jchc-BaiSiBuDeJieTests";
				PRODUCT_NAME = "$(TARGET_NAME)";
				TEST_HOST = "$(BUILT_PRODUCTS_DIR)/4jchc-BaiSiBuDeJie.app/4jchc-BaiSiBuDeJie";
			};
			name = Debug;
		};
		96DB60011C71CD8800B289EE /* Release */ = {
			isa = XCBuildConfiguration;
			buildSettings = {
				BUNDLE_LOADER = "$(TEST_HOST)";
				INFOPLIST_FILE = "4jchc-BaiSiBuDeJieTests/Info.plist";
				LD_RUNPATH_SEARCH_PATHS = "$(inherited) @executable_path/Frameworks @loader_path/Frameworks";
				PRODUCT_BUNDLE_IDENTIFIER = "-jchc.-jchc-BaiSiBuDeJieTests";
				PRODUCT_NAME = "$(TARGET_NAME)";
				TEST_HOST = "$(BUILT_PRODUCTS_DIR)/4jchc-BaiSiBuDeJie.app/4jchc-BaiSiBuDeJie";
			};
			name = Release;
		};
		96DB60031C71CD8800B289EE /* Debug */ = {
			isa = XCBuildConfiguration;
			buildSettings = {
				INFOPLIST_FILE = "4jchc-BaiSiBuDeJieUITests/Info.plist";
				LD_RUNPATH_SEARCH_PATHS = "$(inherited) @executable_path/Frameworks @loader_path/Frameworks";
				PRODUCT_BUNDLE_IDENTIFIER = "-jchc.-jchc-BaiSiBuDeJieUITests";
				PRODUCT_NAME = "$(TARGET_NAME)";
				TEST_TARGET_NAME = "4jchc-BaiSiBuDeJie";
				USES_XCTRUNNER = YES;
			};
			name = Debug;
		};
		96DB60041C71CD8800B289EE /* Release */ = {
			isa = XCBuildConfiguration;
			buildSettings = {
				INFOPLIST_FILE = "4jchc-BaiSiBuDeJieUITests/Info.plist";
				LD_RUNPATH_SEARCH_PATHS = "$(inherited) @executable_path/Frameworks @loader_path/Frameworks";
				PRODUCT_BUNDLE_IDENTIFIER = "-jchc.-jchc-BaiSiBuDeJieUITests";
				PRODUCT_NAME = "$(TARGET_NAME)";
				TEST_TARGET_NAME = "4jchc-BaiSiBuDeJie";
				USES_XCTRUNNER = YES;
			};
			name = Release;
		};
/* End XCBuildConfiguration section */

/* Begin XCConfigurationList section */
		96DB5FCF1C71CD8700B289EE /* Build configuration list for PBXProject "4jchc-BaiSiBuDeJie" */ = {
			isa = XCConfigurationList;
			buildConfigurations = (
				96DB5FFA1C71CD8800B289EE /* Debug */,
				96DB5FFB1C71CD8800B289EE /* Release */,
			);
			defaultConfigurationIsVisible = 0;
			defaultConfigurationName = Release;
		};
		96DB5FFC1C71CD8800B289EE /* Build configuration list for PBXNativeTarget "4jchc-BaiSiBuDeJie" */ = {
			isa = XCConfigurationList;
			buildConfigurations = (
				96DB5FFD1C71CD8800B289EE /* Debug */,
				96DB5FFE1C71CD8800B289EE /* Release */,
			);
			defaultConfigurationIsVisible = 0;
			defaultConfigurationName = Release;
		};
		96DB5FFF1C71CD8800B289EE /* Build configuration list for PBXNativeTarget "4jchc-BaiSiBuDeJieTests" */ = {
			isa = XCConfigurationList;
			buildConfigurations = (
				96DB60001C71CD8800B289EE /* Debug */,
				96DB60011C71CD8800B289EE /* Release */,
			);
			defaultConfigurationIsVisible = 0;
			defaultConfigurationName = Release;
		};
		96DB60021C71CD8800B289EE /* Build configuration list for PBXNativeTarget "4jchc-BaiSiBuDeJieUITests" */ = {
			isa = XCConfigurationList;
			buildConfigurations = (
				96DB60031C71CD8800B289EE /* Debug */,
				96DB60041C71CD8800B289EE /* Release */,
			);
			defaultConfigurationIsVisible = 0;
			defaultConfigurationName = Release;
		};
/* End XCConfigurationList section */
	};
	rootObject = 96DB5FCC1C71CD8700B289EE /* Project object */;
}
